// !$*UTF8*$!
{
	archiveVersion = 1;
	classes = {
	};
	objectVersion = 50;
	objects = {

/* Begin PBXBuildFile section */
		BC3896D321BB5FF0003328E7 /* AppDelegate.swift in Sources */ = {isa = PBXBuildFile; fileRef = BC3896D221BB5FF0003328E7 /* AppDelegate.swift */; };
		BC3896D521BB5FF0003328E7 /* ViewController.swift in Sources */ = {isa = PBXBuildFile; fileRef = BC3896D421BB5FF0003328E7 /* ViewController.swift */; };
		BC3896D821BB5FF0003328E7 /* Main.storyboard in Resources */ = {isa = PBXBuildFile; fileRef = BC3896D621BB5FF0003328E7 /* Main.storyboard */; };
		BC3896DB21BB5FF0003328E7 /* Quve.xcdatamodeld in Sources */ = {isa = PBXBuildFile; fileRef = BC3896D921BB5FF0003328E7 /* Quve.xcdatamodeld */; };
		BC3896DD21BB5FF3003328E7 /* Assets.xcassets in Resources */ = {isa = PBXBuildFile; fileRef = BC3896DC21BB5FF3003328E7 /* Assets.xcassets */; };
		BC3896E021BB5FF3003328E7 /* LaunchScreen.storyboard in Resources */ = {isa = PBXBuildFile; fileRef = BC3896DE21BB5FF3003328E7 /* LaunchScreen.storyboard */; };
		BC3896EB21BB5FF3003328E7 /* QuveTests.swift in Sources */ = {isa = PBXBuildFile; fileRef = BC3896EA21BB5FF3003328E7 /* QuveTests.swift */; };
		BC3896F621BB5FF3003328E7 /* QuveUITests.swift in Sources */ = {isa = PBXBuildFile; fileRef = BC3896F521BB5FF3003328E7 /* QuveUITests.swift */; };
/* End PBXBuildFile section */

/* Begin PBXContainerItemProxy section */
		BC3896E721BB5FF3003328E7 /* PBXContainerItemProxy */ = {
			isa = PBXContainerItemProxy;
			containerPortal = BC3896C721BB5FF0003328E7 /* Project object */;
			proxyType = 1;
			remoteGlobalIDString = BC3896CE21BB5FF0003328E7;
			remoteInfo = Quve;
		};
		BC3896F221BB5FF3003328E7 /* PBXContainerItemProxy */ = {
			isa = PBXContainerItemProxy;
			containerPortal = BC3896C721BB5FF0003328E7 /* Project object */;
			proxyType = 1;
			remoteGlobalIDString = BC3896CE21BB5FF0003328E7;
			remoteInfo = Quve;
		};
/* End PBXContainerItemProxy section */

/* Begin PBXFileReference section */
		BC3896CF21BB5FF0003328E7 /* Quve.app */ = {isa = PBXFileReference; explicitFileType = wrapper.application; includeInIndex = 0; path = Quve.app; sourceTree = BUILT_PRODUCTS_DIR; };
		BC3896D221BB5FF0003328E7 /* AppDelegate.swift */ = {isa = PBXFileReference; lastKnownFileType = sourcecode.swift; path = AppDelegate.swift; sourceTree = "<group>"; };
		BC3896D421BB5FF0003328E7 /* ViewController.swift */ = {isa = PBXFileReference; lastKnownFileType = sourcecode.swift; path = ViewController.swift; sourceTree = "<group>"; };
		BC3896D721BB5FF0003328E7 /* Base */ = {isa = PBXFileReference; lastKnownFileType = file.storyboard; name = Base; path = Base.lproj/Main.storyboard; sourceTree = "<group>"; };
		BC3896DA21BB5FF0003328E7 /* Quve.xcdatamodel */ = {isa = PBXFileReference; lastKnownFileType = wrapper.xcdatamodel; path = Quve.xcdatamodel; sourceTree = "<group>"; };
		BC3896DC21BB5FF3003328E7 /* Assets.xcassets */ = {isa = PBXFileReference; lastKnownFileType = folder.assetcatalog; path = Assets.xcassets; sourceTree = "<group>"; };
		BC3896DF21BB5FF3003328E7 /* Base */ = {isa = PBXFileReference; lastKnownFileType = file.storyboard; name = Base; path = Base.lproj/LaunchScreen.storyboard; sourceTree = "<group>"; };
		BC3896E121BB5FF3003328E7 /* Info.plist */ = {isa = PBXFileReference; lastKnownFileType = text.plist.xml; path = Info.plist; sourceTree = "<group>"; };
		BC3896E621BB5FF3003328E7 /* QuveTests.xctest */ = {isa = PBXFileReference; explicitFileType = wrapper.cfbundle; includeInIndex = 0; path = QuveTests.xctest; sourceTree = BUILT_PRODUCTS_DIR; };
		BC3896EA21BB5FF3003328E7 /* QuveTests.swift */ = {isa = PBXFileReference; lastKnownFileType = sourcecode.swift; path = QuveTests.swift; sourceTree = "<group>"; };
		BC3896EC21BB5FF3003328E7 /* Info.plist */ = {isa = PBXFileReference; lastKnownFileType = text.plist.xml; path = Info.plist; sourceTree = "<group>"; };
		BC3896F121BB5FF3003328E7 /* QuveUITests.xctest */ = {isa = PBXFileReference; explicitFileType = wrapper.cfbundle; includeInIndex = 0; path = QuveUITests.xctest; sourceTree = BUILT_PRODUCTS_DIR; };
		BC3896F521BB5FF3003328E7 /* QuveUITests.swift */ = {isa = PBXFileReference; lastKnownFileType = sourcecode.swift; path = QuveUITests.swift; sourceTree = "<group>"; };
		BC3896F721BB5FF3003328E7 /* Info.plist */ = {isa = PBXFileReference; lastKnownFileType = text.plist.xml; path = Info.plist; sourceTree = "<group>"; };
/* End PBXFileReference section */

/* Begin PBXFrameworksBuildPhase section */
		BC3896CC21BB5FF0003328E7 /* Frameworks */ = {
			isa = PBXFrameworksBuildPhase;
			buildActionMask = 2147483647;
			files = (
			);
			runOnlyForDeploymentPostprocessing = 0;
		};
		BC3896E321BB5FF3003328E7 /* Frameworks */ = {
			isa = PBXFrameworksBuildPhase;
			buildActionMask = 2147483647;
			files = (
			);
			runOnlyForDeploymentPostprocessing = 0;
		};
		BC3896EE21BB5FF3003328E7 /* Frameworks */ = {
			isa = PBXFrameworksBuildPhase;
			buildActionMask = 2147483647;
			files = (
			);
			runOnlyForDeploymentPostprocessing = 0;
		};
/* End PBXFrameworksBuildPhase section */

/* Begin PBXGroup section */
		BC3896C621BB5FF0003328E7 = {
			isa = PBXGroup;
			children = (
				BC3896D121BB5FF0003328E7 /* Quve */,
				BC3896E921BB5FF3003328E7 /* QuveTests */,
				BC3896F421BB5FF3003328E7 /* QuveUITests */,
				BC3896D021BB5FF0003328E7 /* Products */,
			);
			sourceTree = "<group>";
		};
		BC3896D021BB5FF0003328E7 /* Products */ = {
			isa = PBXGroup;
			children = (
				BC3896CF21BB5FF0003328E7 /* Quve.app */,
				BC3896E621BB5FF3003328E7 /* QuveTests.xctest */,
				BC3896F121BB5FF3003328E7 /* QuveUITests.xctest */,
			);
			name = Products;
			sourceTree = "<group>";
		};
		BC3896D121BB5FF0003328E7 /* Quve */ = {
			isa = PBXGroup;
			children = (
				BC3896D221BB5FF0003328E7 /* AppDelegate.swift */,
				BC3896D421BB5FF0003328E7 /* ViewController.swift */,
				BC3896D621BB5FF0003328E7 /* Main.storyboard */,
				BC3896DC21BB5FF3003328E7 /* Assets.xcassets */,
				BC3896DE21BB5FF3003328E7 /* LaunchScreen.storyboard */,
				BC3896E121BB5FF3003328E7 /* Info.plist */,
				BC3896D921BB5FF0003328E7 /* Quve.xcdatamodeld */,
			);
			path = Quve;
			sourceTree = "<group>";
		};
		BC3896E921BB5FF3003328E7 /* QuveTests */ = {
			isa = PBXGroup;
			children = (
				BC3896EA21BB5FF3003328E7 /* QuveTests.swift */,
				BC3896EC21BB5FF3003328E7 /* Info.plist */,
			);
			path = QuveTests;
			sourceTree = "<group>";
		};
		BC3896F421BB5FF3003328E7 /* QuveUITests */ = {
			isa = PBXGroup;
			children = (
				BC3896F521BB5FF3003328E7 /* QuveUITests.swift */,
				BC3896F721BB5FF3003328E7 /* Info.plist */,
			);
			path = QuveUITests;
			sourceTree = "<group>";
		};
/* End PBXGroup section */

/* Begin PBXNativeTarget section */
		BC3896CE21BB5FF0003328E7 /* Quve */ = {
			isa = PBXNativeTarget;
			buildConfigurationList = BC3896FA21BB5FF3003328E7 /* Build configuration list for PBXNativeTarget "Quve" */;
			buildPhases = (
				BC3896CB21BB5FF0003328E7 /* Sources */,
				BC3896CC21BB5FF0003328E7 /* Frameworks */,
				BC3896CD21BB5FF0003328E7 /* Resources */,
			);
			buildRules = (
			);
			dependencies = (
			);
			name = Quve;
			productName = Quve;
			productReference = BC3896CF21BB5FF0003328E7 /* Quve.app */;
			productType = "com.apple.product-type.application";
		};
		BC3896E521BB5FF3003328E7 /* QuveTests */ = {
			isa = PBXNativeTarget;
			buildConfigurationList = BC3896FD21BB5FF3003328E7 /* Build configuration list for PBXNativeTarget "QuveTests" */;
			buildPhases = (
				BC3896E221BB5FF3003328E7 /* Sources */,
				BC3896E321BB5FF3003328E7 /* Frameworks */,
				BC3896E421BB5FF3003328E7 /* Resources */,
			);
			buildRules = (
			);
			dependencies = (
				BC3896E821BB5FF3003328E7 /* PBXTargetDependency */,
			);
			name = QuveTests;
			productName = QuveTests;
			productReference = BC3896E621BB5FF3003328E7 /* QuveTests.xctest */;
			productType = "com.apple.product-type.bundle.unit-test";
		};
		BC3896F021BB5FF3003328E7 /* QuveUITests */ = {
			isa = PBXNativeTarget;
			buildConfigurationList = BC38970021BB5FF3003328E7 /* Build configuration list for PBXNativeTarget "QuveUITests" */;
			buildPhases = (
				BC3896ED21BB5FF3003328E7 /* Sources */,
				BC3896EE21BB5FF3003328E7 /* Frameworks */,
				BC3896EF21BB5FF3003328E7 /* Resources */,
			);
			buildRules = (
			);
			dependencies = (
				BC3896F321BB5FF3003328E7 /* PBXTargetDependency */,
			);
			name = QuveUITests;
			productName = QuveUITests;
			productReference = BC3896F121BB5FF3003328E7 /* QuveUITests.xctest */;
			productType = "com.apple.product-type.bundle.ui-testing";
		};
/* End PBXNativeTarget section */

/* Begin PBXProject section */
		BC3896C721BB5FF0003328E7 /* Project object */ = {
			isa = PBXProject;
			attributes = {
				LastSwiftUpdateCheck = 1000;
				LastUpgradeCheck = 1000;
				ORGANIZATIONNAME = "Park Sung Joon";
				TargetAttributes = {
					BC3896CE21BB5FF0003328E7 = {
						CreatedOnToolsVersion = 10.0;
					};
					BC3896E521BB5FF3003328E7 = {
						CreatedOnToolsVersion = 10.0;
						TestTargetID = BC3896CE21BB5FF0003328E7;
					};
					BC3896F021BB5FF3003328E7 = {
						CreatedOnToolsVersion = 10.0;
						TestTargetID = BC3896CE21BB5FF0003328E7;
					};
				};
			};
			buildConfigurationList = BC3896CA21BB5FF0003328E7 /* Build configuration list for PBXProject "Quve" */;
			compatibilityVersion = "Xcode 9.3";
			developmentRegion = en;
			hasScannedForEncodings = 0;
			knownRegions = (
				en,
				Base,
			);
			mainGroup = BC3896C621BB5FF0003328E7;
			productRefGroup = BC3896D021BB5FF0003328E7 /* Products */;
			projectDirPath = "";
			projectRoot = "";
			targets = (
				BC3896CE21BB5FF0003328E7 /* Quve */,
				BC3896E521BB5FF3003328E7 /* QuveTests */,
				BC3896F021BB5FF3003328E7 /* QuveUITests */,
			);
		};
/* End PBXProject section */

/* Begin PBXResourcesBuildPhase section */
		BC3896CD21BB5FF0003328E7 /* Resources */ = {
			isa = PBXResourcesBuildPhase;
			buildActionMask = 2147483647;
			files = (
				BC3896E021BB5FF3003328E7 /* LaunchScreen.storyboard in Resources */,
				BC3896DD21BB5FF3003328E7 /* Assets.xcassets in Resources */,
				BC3896D821BB5FF0003328E7 /* Main.storyboard in Resources */,
			);
			runOnlyForDeploymentPostprocessing = 0;
		};
		BC3896E421BB5FF3003328E7 /* Resources */ = {
			isa = PBXResourcesBuildPhase;
			buildActionMask = 2147483647;
			files = (
			);
			runOnlyForDeploymentPostprocessing = 0;
		};
		BC3896EF21BB5FF3003328E7 /* Resources */ = {
			isa = PBXResourcesBuildPhase;
			buildActionMask = 2147483647;
			files = (
			);
			runOnlyForDeploymentPostprocessing = 0;
		};
/* End PBXResourcesBuildPhase section */

/* Begin PBXSourcesBuildPhase section */
		BC3896CB21BB5FF0003328E7 /* Sources */ = {
			isa = PBXSourcesBuildPhase;
			buildActionMask = 2147483647;
			files = (
				BC3896D521BB5FF0003328E7 /* ViewController.swift in Sources */,
				BC3896DB21BB5FF0003328E7 /* Quve.xcdatamodeld in Sources */,
				BC3896D321BB5FF0003328E7 /* AppDelegate.swift in Sources */,
			);
			runOnlyForDeploymentPostprocessing = 0;
		};
		BC3896E221BB5FF3003328E7 /* Sources */ = {
			isa = PBXSourcesBuildPhase;
			buildActionMask = 2147483647;
			files = (
				BC3896EB21BB5FF3003328E7 /* QuveTests.swift in Sources */,
			);
			runOnlyForDeploymentPostprocessing = 0;
		};
		BC3896ED21BB5FF3003328E7 /* Sources */ = {
			isa = PBXSourcesBuildPhase;
			buildActionMask = 2147483647;
			files = (
				BC3896F621BB5FF3003328E7 /* QuveUITests.swift in Sources */,
			);
			runOnlyForDeploymentPostprocessing = 0;
		};
/* End PBXSourcesBuildPhase section */

/* Begin PBXTargetDependency section */
		BC3896E821BB5FF3003328E7 /* PBXTargetDependency */ = {
			isa = PBXTargetDependency;
			target = BC3896CE21BB5FF0003328E7 /* Quve */;
			targetProxy = BC3896E721BB5FF3003328E7 /* PBXContainerItemProxy */;
		};
		BC3896F321BB5FF3003328E7 /* PBXTargetDependency */ = {
			isa = PBXTargetDependency;
			target = BC3896CE21BB5FF0003328E7 /* Quve */;
			targetProxy = BC3896F221BB5FF3003328E7 /* PBXContainerItemProxy */;
		};
/* End PBXTargetDependency section */

/* Begin PBXVariantGroup section */
		BC3896D621BB5FF0003328E7 /* Main.storyboard */ = {
			isa = PBXVariantGroup;
			children = (
				BC3896D721BB5FF0003328E7 /* Base */,
			);
			name = Main.storyboard;
			sourceTree = "<group>";
		};
		BC3896DE21BB5FF3003328E7 /* LaunchScreen.storyboard */ = {
			isa = PBXVariantGroup;
			children = (
				BC3896DF21BB5FF3003328E7 /* Base */,
			);
			name = LaunchScreen.storyboard;
			sourceTree = "<group>";
		};
/* End PBXVariantGroup section */

/* Begin XCBuildConfiguration section */
		BC3896F821BB5FF3003328E7 /* Debug */ = {
			isa = XCBuildConfiguration;
			buildSettings = {
				ALWAYS_SEARCH_USER_PATHS = NO;
				CLANG_ANALYZER_NONNULL = YES;
				CLANG_ANALYZER_NUMBER_OBJECT_CONVERSION = YES_AGGRESSIVE;
				CLANG_CXX_LANGUAGE_STANDARD = "gnu++14";
				CLANG_CXX_LIBRARY = "libc++";
				CLANG_ENABLE_MODULES = YES;
				CLANG_ENABLE_OBJC_ARC = YES;
				CLANG_ENABLE_OBJC_WEAK = YES;
				CLANG_WARN_BLOCK_CAPTURE_AUTORELEASING = YES;
				CLANG_WARN_BOOL_CONVERSION = YES;
				CLANG_WARN_COMMA = YES;
				CLANG_WARN_CONSTANT_CONVERSION = YES;
				CLANG_WARN_DEPRECATED_OBJC_IMPLEMENTATIONS = YES;
				CLANG_WARN_DIRECT_OBJC_ISA_USAGE = YES_ERROR;
				CLANG_WARN_DOCUMENTATION_COMMENTS = YES;
				CLANG_WARN_EMPTY_BODY = YES;
				CLANG_WARN_ENUM_CONVERSION = YES;
				CLANG_WARN_INFINITE_RECURSION = YES;
				CLANG_WARN_INT_CONVERSION = YES;
				CLANG_WARN_NON_LITERAL_NULL_CONVERSION = YES;
				CLANG_WARN_OBJC_IMPLICIT_RETAIN_SELF = YES;
				CLANG_WARN_OBJC_LITERAL_CONVERSION = YES;
				CLANG_WARN_OBJC_ROOT_CLASS = YES_ERROR;
				CLANG_WARN_RANGE_LOOP_ANALYSIS = YES;
				CLANG_WARN_STRICT_PROTOTYPES = YES;
				CLANG_WARN_SUSPICIOUS_MOVE = YES;
				CLANG_WARN_UNGUARDED_AVAILABILITY = YES_AGGRESSIVE;
				CLANG_WARN_UNREACHABLE_CODE = YES;
				CLANG_WARN__DUPLICATE_METHOD_MATCH = YES;
				CODE_SIGN_IDENTITY = "iPhone Developer";
				COPY_PHASE_STRIP = NO;
				DEBUG_INFORMATION_FORMAT = dwarf;
				ENABLE_STRICT_OBJC_MSGSEND = YES;
				ENABLE_TESTABILITY = YES;
				GCC_C_LANGUAGE_STANDARD = gnu11;
				GCC_DYNAMIC_NO_PIC = NO;
				GCC_NO_COMMON_BLOCKS = YES;
				GCC_OPTIMIZATION_LEVEL = 0;
				GCC_PREPROCESSOR_DEFINITIONS = (
					"DEBUG=1",
					"$(inherited)",
				);
				GCC_WARN_64_TO_32_BIT_CONVERSION = YES;
				GCC_WARN_ABOUT_RETURN_TYPE = YES_ERROR;
				GCC_WARN_UNDECLARED_SELECTOR = YES;
				GCC_WARN_UNINITIALIZED_AUTOS = YES_AGGRESSIVE;
				GCC_WARN_UNUSED_FUNCTION = YES;
				GCC_WARN_UNUSED_VARIABLE = YES;
				IPHONEOS_DEPLOYMENT_TARGET = 12.0;
				MTL_ENABLE_DEBUG_INFO = INCLUDE_SOURCE;
				MTL_FAST_MATH = YES;
				ONLY_ACTIVE_ARCH = YES;
				SDKROOT = iphoneos;
				SWIFT_ACTIVE_COMPILATION_CONDITIONS = DEBUG;
				SWIFT_OPTIMIZATION_LEVEL = "-Onone";
			};
			name = Debug;
		};
		BC3896F921BB5FF3003328E7 /* Release */ = {
			isa = XCBuildConfiguration;
			buildSettings = {
				ALWAYS_SEARCH_USER_PATHS = NO;
				CLANG_ANALYZER_NONNULL = YES;
				CLANG_ANALYZER_NUMBER_OBJECT_CONVERSION = YES_AGGRESSIVE;
				CLANG_CXX_LANGUAGE_STANDARD = "gnu++14";
				CLANG_CXX_LIBRARY = "libc++";
				CLANG_ENABLE_MODULES = YES;
				CLANG_ENABLE_OBJC_ARC = YES;
				CLANG_ENABLE_OBJC_WEAK = YES;
				CLANG_WARN_BLOCK_CAPTURE_AUTORELEASING = YES;
				CLANG_WARN_BOOL_CONVERSION = YES;
				CLANG_WARN_COMMA = YES;
				CLANG_WARN_CONSTANT_CONVERSION = YES;
				CLANG_WARN_DEPRECATED_OBJC_IMPLEMENTATIONS = YES;
				CLANG_WARN_DIRECT_OBJC_ISA_USAGE = YES_ERROR;
				CLANG_WARN_DOCUMENTATION_COMMENTS = YES;
				CLANG_WARN_EMPTY_BODY = YES;
				CLANG_WARN_ENUM_CONVERSION = YES;
				CLANG_WARN_INFINITE_RECURSION = YES;
				CLANG_WARN_INT_CONVERSION = YES;
				CLANG_WARN_NON_LITERAL_NULL_CONVERSION = YES;
				CLANG_WARN_OBJC_IMPLICIT_RETAIN_SELF = YES;
				CLANG_WARN_OBJC_LITERAL_CONVERSION = YES;
				CLANG_WARN_OBJC_ROOT_CLASS = YES_ERROR;
				CLANG_WARN_RANGE_LOOP_ANALYSIS = YES;
				CLANG_WARN_STRICT_PROTOTYPES = YES;
				CLANG_WARN_SUSPICIOUS_MOVE = YES;
				CLANG_WARN_UNGUARDED_AVAILABILITY = YES_AGGRESSIVE;
				CLANG_WARN_UNREACHABLE_CODE = YES;
				CLANG_WARN__DUPLICATE_METHOD_MATCH = YES;
				CODE_SIGN_IDENTITY = "iPhone Developer";
				COPY_PHASE_STRIP = NO;
				DEBUG_INFORMATION_FORMAT = "dwarf-with-dsym";
				ENABLE_NS_ASSERTIONS = NO;
				ENABLE_STRICT_OBJC_MSGSEND = YES;
				GCC_C_LANGUAGE_STANDARD = gnu11;
				GCC_NO_COMMON_BLOCKS = YES;
				GCC_WARN_64_TO_32_BIT_CONVERSION = YES;
				GCC_WARN_ABOUT_RETURN_TYPE = YES_ERROR;
				GCC_WARN_UNDECLARED_SELECTOR = YES;
				GCC_WARN_UNINITIALIZED_AUTOS = YES_AGGRESSIVE;
				GCC_WARN_UNUSED_FUNCTION = YES;
				GCC_WARN_UNUSED_VARIABLE = YES;
				IPHONEOS_DEPLOYMENT_TARGET = 12.0;
				MTL_ENABLE_DEBUG_INFO = NO;
				MTL_FAST_MATH = YES;
				SDKROOT = iphoneos;
				SWIFT_COMPILATION_MODE = wholemodule;
				SWIFT_OPTIMIZATION_LEVEL = "-O";
				VALIDATE_PRODUCT = YES;
			};
			name = Release;
		};
		BC3896FB21BB5FF3003328E7 /* Debug */ = {
			isa = XCBuildConfiguration;
			buildSettings = {
				ASSETCATALOG_COMPILER_APPICON_NAME = AppIcon;
				CODE_SIGN_STYLE = Automatic;
				DEVELOPMENT_TEAM = 86PPC52X64;
				INFOPLIST_FILE = Quve/Info.plist;
				LD_RUNPATH_SEARCH_PATHS = (
					"$(inherited)",
					"@executable_path/Frameworks",
				);
				PRODUCT_BUNDLE_IDENTIFIER = com.SungJoonPark.Quve;
				PRODUCT_NAME = "$(TARGET_NAME)";
				SWIFT_VERSION = 4.2;
				TARGETED_DEVICE_FAMILY = "1,2";
			};
			name = Debug;
		};
		BC3896FC21BB5FF3003328E7 /* Release */ = {
			isa = XCBuildConfiguration;
			buildSettings = {
				ASSETCATALOG_COMPILER_APPICON_NAME = AppIcon;
				CODE_SIGN_STYLE = Automatic;
				DEVELOPMENT_TEAM = 86PPC52X64;
				INFOPLIST_FILE = Quve/Info.plist;
				LD_RUNPATH_SEARCH_PATHS = (
					"$(inherited)",
					"@executable_path/Frameworks",
				);
				PRODUCT_BUNDLE_IDENTIFIER = com.SungJoonPark.Quve;
				PRODUCT_NAME = "$(TARGET_NAME)";
				SWIFT_VERSION = 4.2;
				TARGETED_DEVICE_FAMILY = "1,2";
			};
			name = Release;
		};
		BC3896FE21BB5FF3003328E7 /* Debug */ = {
			isa = XCBuildConfiguration;
			buildSettings = {
				ALWAYS_EMBED_SWIFT_STANDARD_LIBRARIES = YES;
				BUNDLE_LOADER = "$(TEST_HOST)";
				CODE_SIGN_STYLE = Automatic;
				DEVELOPMENT_TEAM = 86PPC52X64;
				INFOPLIST_FILE = QuveTests/Info.plist;
				LD_RUNPATH_SEARCH_PATHS = (
					"$(inherited)",
					"@executable_path/Frameworks",
					"@loader_path/Frameworks",
				);
				PRODUCT_BUNDLE_IDENTIFIER = com.SungJoonPark.QuveTests;
				PRODUCT_NAME = "$(TARGET_NAME)";
				SWIFT_VERSION = 4.2;
				TARGETED_DEVICE_FAMILY = "1,2";
				TEST_HOST = "$(BUILT_PRODUCTS_DIR)/Quve.app/Quve";
			};
			name = Debug;
		};
		BC3896FF21BB5FF3003328E7 /* Release */ = {
			isa = XCBuildConfiguration;
			buildSettings = {
				ALWAYS_EMBED_SWIFT_STANDARD_LIBRARIES = YES;
				BUNDLE_LOADER = "$(TEST_HOST)";
				CODE_SIGN_STYLE = Automatic;
				DEVELOPMENT_TEAM = 86PPC52X64;
				INFOPLIST_FILE = QuveTests/Info.plist;
				LD_RUNPATH_SEARCH_PATHS = (
					"$(inherited)",
					"@executable_path/Frameworks",
					"@loader_path/Frameworks",
				);
				PRODUCT_BUNDLE_IDENTIFIER = com.SungJoonPark.QuveTests;
				PRODUCT_NAME = "$(TARGET_NAME)";
				SWIFT_VERSION = 4.2;
				TARGETED_DEVICE_FAMILY = "1,2";
				TEST_HOST = "$(BUILT_PRODUCTS_DIR)/Quve.app/Quve";
			};
			name = Release;
		};
		BC38970121BB5FF3003328E7 /* Debug */ = {
			isa = XCBuildConfiguration;
			buildSettings = {
				ALWAYS_EMBED_SWIFT_STANDARD_LIBRARIES = YES;
				CODE_SIGN_STYLE = Automatic;
				DEVELOPMENT_TEAM = 86PPC52X64;
				INFOPLIST_FILE = QuveUITests/Info.plist;
				LD_RUNPATH_SEARCH_PATHS = (
					"$(inherited)",
					"@executable_path/Frameworks",
					"@loader_path/Frameworks",
				);
				PRODUCT_BUNDLE_IDENTIFIER = com.SungJoonPark.QuveUITests;
				PRODUCT_NAME = "$(TARGET_NAME)";
				SWIFT_VERSION = 4.2;
				TARGETED_DEVICE_FAMILY = "1,2";
				TEST_TARGET_NAME = Quve;
			};
			name = Debug;
		};
		BC38970221BB5FF3003328E7 /* Release */ = {
			isa = XCBuildConfiguration;
			buildSettings = {
				ALWAYS_EMBED_SWIFT_STANDARD_LIBRARIES = YES;
				CODE_SIGN_STYLE = Automatic;
				DEVELOPMENT_TEAM = 86PPC52X64;
				INFOPLIST_FILE = QuveUITests/Info.plist;
				LD_RUNPATH_SEARCH_PATHS = (
					"$(inherited)",
					"@executable_path/Frameworks",
					"@loader_path/Frameworks",
				);
				PRODUCT_BUNDLE_IDENTIFIER = com.SungJoonPark.QuveUITests;
				PRODUCT_NAME = "$(TARGET_NAME)";
				SWIFT_VERSION = 4.2;
				TARGETED_DEVICE_FAMILY = "1,2";
				TEST_TARGET_NAME = Quve;
			};
			name = Release;
		};
/* End XCBuildConfiguration section */

/* Begin XCConfigurationList section */
		BC3896CA21BB5FF0003328E7 /* Build configuration list for PBXProject "Quve" */ = {
			isa = XCConfigurationList;
			buildConfigurations = (
				BC3896F821BB5FF3003328E7 /* Debug */,
				BC3896F921BB5FF3003328E7 /* Release */,
			);
			defaultConfigurationIsVisible = 0;
			defaultConfigurationName = Release;
		};
		BC3896FA21BB5FF3003328E7 /* Build configuration list for PBXNativeTarget "Quve" */ = {
			isa = XCConfigurationList;
			buildConfigurations = (
				BC3896FB21BB5FF3003328E7 /* Debug */,
				BC3896FC21BB5FF3003328E7 /* Release */,
			);
			defaultConfigurationIsVisible = 0;
			defaultConfigurationName = Release;
		};
		BC3896FD21BB5FF3003328E7 /* Build configuration list for PBXNativeTarget "QuveTests" */ = {
			isa = XCConfigurationList;
			buildConfigurations = (
				BC3896FE21BB5FF3003328E7 /* Debug */,
				BC3896FF21BB5FF3003328E7 /* Release */,
			);
			defaultConfigurationIsVisible = 0;
			defaultConfigurationName = Release;
		};
		BC38970021BB5FF3003328E7 /* Build configuration list for PBXNativeTarget "QuveUITests" */ = {
			isa = XCConfigurationList;
			buildConfigurations = (
				BC38970121BB5FF3003328E7 /* Debug */,
				BC38970221BB5FF3003328E7 /* Release */,
			);
			defaultConfigurationIsVisible = 0;
			defaultConfigurationName = Release;
		};
/* End XCConfigurationList section */

/* Begin XCVersionGroup section */
		BC3896D921BB5FF0003328E7 /* Quve.xcdatamodeld */ = {
			isa = XCVersionGroup;
			children = (
				BC3896DA21BB5FF0003328E7 /* Quve.xcdatamodel */,
			);
			currentVersion = BC3896DA21BB5FF0003328E7 /* Quve.xcdatamodel */;
			path = Quve.xcdatamodeld;
			sourceTree = "<group>";
			versionGroupType = wrapper.xcdatamodel;
		};
/* End XCVersionGroup section */
	};
	rootObject = BC3896C721BB5FF0003328E7 /* Project object */;
}
