// !$*UTF8*$!
{
	archiveVersion = 1;
	classes = {
	};
	objectVersion = 50;
	objects = {

/* Begin PBXBuildFile section */
		29C3E4FEE231F377D33BA221 /* Pods_QuveTests.framework in Frameworks */ = {isa = PBXBuildFile; fileRef = 514C18440FCE1754FE193BFE /* Pods_QuveTests.framework */; };
		BC0CEE6621EB5D62001FE7D6 /* GoogleAuth.swift in Sources */ = {isa = PBXBuildFile; fileRef = BC0CEE6521EB5D62001FE7D6 /* GoogleAuth.swift */; };
		BC0CEE6A21EB5D7F001FE7D6 /* FacebookAuth.swift in Sources */ = {isa = PBXBuildFile; fileRef = BC0CEE6921EB5D7F001FE7D6 /* FacebookAuth.swift */; };
		BC0CEE6F21EC6F61001FE7D6 /* APIService.swift in Sources */ = {isa = PBXBuildFile; fileRef = BC0CEE6E21EC6F61001FE7D6 /* APIService.swift */; };
		BC0CEE7121EC7007001FE7D6 /* UserRouter.swift in Sources */ = {isa = PBXBuildFile; fileRef = BC0CEE7021EC7007001FE7D6 /* UserRouter.swift */; };
		BC0CEE7421EC86DD001FE7D6 /* APIConfiguration.swift in Sources */ = {isa = PBXBuildFile; fileRef = BC0CEE7321EC86DD001FE7D6 /* APIConfiguration.swift */; };
		BC0CEE7621EC8900001FE7D6 /* InfoModel.swift in Sources */ = {isa = PBXBuildFile; fileRef = BC0CEE7521EC8900001FE7D6 /* InfoModel.swift */; };
		BC0CEE7821EC8995001FE7D6 /* LoginModel.swift in Sources */ = {isa = PBXBuildFile; fileRef = BC0CEE7721EC8995001FE7D6 /* LoginModel.swift */; };
		BC0CEE7B21EC8A63001FE7D6 /* RegisterModel.swift in Sources */ = {isa = PBXBuildFile; fileRef = BC0CEE7A21EC8A63001FE7D6 /* RegisterModel.swift */; };
		BC0CEE7D21EC8A97001FE7D6 /* FacebookModel.swift in Sources */ = {isa = PBXBuildFile; fileRef = BC0CEE7C21EC8A97001FE7D6 /* FacebookModel.swift */; };
		BC0CEE8021EE07B9001FE7D6 /* APIClient.swift in Sources */ = {isa = PBXBuildFile; fileRef = BC0CEE7F21EE07B9001FE7D6 /* APIClient.swift */; };
		BC0CEE8221EE23BA001FE7D6 /* CategoryRouter.swift in Sources */ = {isa = PBXBuildFile; fileRef = BC0CEE8121EE23BA001FE7D6 /* CategoryRouter.swift */; };
		BC0CEE8421EE251A001FE7D6 /* QuestionRouter.swift in Sources */ = {isa = PBXBuildFile; fileRef = BC0CEE8321EE251A001FE7D6 /* QuestionRouter.swift */; };
		BC0CEE8621EE54E7001FE7D6 /* Extension+JSON.swift in Sources */ = {isa = PBXBuildFile; fileRef = BC0CEE8521EE54E7001FE7D6 /* Extension+JSON.swift */; };
		BC0CEE8921EF3287001FE7D6 /* QuestionModel.swift in Sources */ = {isa = PBXBuildFile; fileRef = BC0CEE8821EF3287001FE7D6 /* QuestionModel.swift */; };
		BC2C2F7121DDEF2B002DF130 /* Login.storyboard in Resources */ = {isa = PBXBuildFile; fileRef = BC2C2F7021DDEF2B002DF130 /* Login.storyboard */; };
		BC2C2F7421DDF3FB002DF130 /* SignInViewController.swift in Sources */ = {isa = PBXBuildFile; fileRef = BC2C2F7321DDF3FB002DF130 /* SignInViewController.swift */; };
		BC3896D321BB5FF0003328E7 /* AppDelegate.swift in Sources */ = {isa = PBXBuildFile; fileRef = BC3896D221BB5FF0003328E7 /* AppDelegate.swift */; };
		BC3896D521BB5FF0003328E7 /* HomeViewController.swift in Sources */ = {isa = PBXBuildFile; fileRef = BC3896D421BB5FF0003328E7 /* HomeViewController.swift */; };
		BC3896D821BB5FF0003328E7 /* Main.storyboard in Resources */ = {isa = PBXBuildFile; fileRef = BC3896D621BB5FF0003328E7 /* Main.storyboard */; };
		BC3896DB21BB5FF0003328E7 /* Quve.xcdatamodeld in Sources */ = {isa = PBXBuildFile; fileRef = BC3896D921BB5FF0003328E7 /* Quve.xcdatamodeld */; };
		BC3896DD21BB5FF3003328E7 /* Assets.xcassets in Resources */ = {isa = PBXBuildFile; fileRef = BC3896DC21BB5FF3003328E7 /* Assets.xcassets */; };
		BC3896E021BB5FF3003328E7 /* LaunchScreen.storyboard in Resources */ = {isa = PBXBuildFile; fileRef = BC3896DE21BB5FF3003328E7 /* LaunchScreen.storyboard */; };
		BC3896EB21BB5FF3003328E7 /* QuveTests.swift in Sources */ = {isa = PBXBuildFile; fileRef = BC3896EA21BB5FF3003328E7 /* QuveTests.swift */; };
		BC3896F621BB5FF3003328E7 /* QuveUITests.swift in Sources */ = {isa = PBXBuildFile; fileRef = BC3896F521BB5FF3003328E7 /* QuveUITests.swift */; };
		BC66A5ED21C428D100E1C83B /* SignalClient.swift in Sources */ = {isa = PBXBuildFile; fileRef = BC66A5EC21C428D100E1C83B /* SignalClient.swift */; };
		BC66A5F221C42AC600E1C83B /* RTCIceCandidate+JSON.swift in Sources */ = {isa = PBXBuildFile; fileRef = BC66A5EF21C42AC500E1C83B /* RTCIceCandidate+JSON.swift */; };
		BC66A5F321C42AC600E1C83B /* RTCSessionDescription+JSON.swift in Sources */ = {isa = PBXBuildFile; fileRef = BC66A5F021C42AC500E1C83B /* RTCSessionDescription+JSON.swift */; };
		BC66A5F421C42AC600E1C83B /* RTCStates.swift in Sources */ = {isa = PBXBuildFile; fileRef = BC66A5F121C42AC600E1C83B /* RTCStates.swift */; };
		BC66A5FE21C4D67E00E1C83B /* SpoqaHanSans-Regular.ttf in Resources */ = {isa = PBXBuildFile; fileRef = BC66A5FA21C4D67A00E1C83B /* SpoqaHanSans-Regular.ttf */; };
		BC66A5FF21C4D67E00E1C83B /* SpoqaHanSans-Bold.ttf in Resources */ = {isa = PBXBuildFile; fileRef = BC66A5FB21C4D67B00E1C83B /* SpoqaHanSans-Bold.ttf */; };
		BC66A60021C4D67E00E1C83B /* SpoqaHanSans-Light.ttf in Resources */ = {isa = PBXBuildFile; fileRef = BC66A5FC21C4D67C00E1C83B /* SpoqaHanSans-Light.ttf */; };
		BC66A60121C4D67E00E1C83B /* SpoqaHanSans-Thin.ttf in Resources */ = {isa = PBXBuildFile; fileRef = BC66A5FD21C4D67E00E1C83B /* SpoqaHanSans-Thin.ttf */; };
		BC6EF58C21C7BAEB003456FB /* HomeCollectionListCell.swift in Sources */ = {isa = PBXBuildFile; fileRef = BC6EF58A21C7BAEB003456FB /* HomeCollectionListCell.swift */; };
		BC6EF58D21C7BAEB003456FB /* HomeCollectionListCell.xib in Resources */ = {isa = PBXBuildFile; fileRef = BC6EF58B21C7BAEB003456FB /* HomeCollectionListCell.xib */; };
		BC6EF58F21C7C5D9003456FB /* HomeChildViewController.swift in Sources */ = {isa = PBXBuildFile; fileRef = BC6EF58E21C7C5D9003456FB /* HomeChildViewController.swift */; };
		BC85D71921D8C14100562E9E /* AnswerTableListCell.swift in Sources */ = {isa = PBXBuildFile; fileRef = BC85D71721D8C14100562E9E /* AnswerTableListCell.swift */; };
		BC85D71A21D8C14100562E9E /* AnswerTableListCell.xib in Resources */ = {isa = PBXBuildFile; fileRef = BC85D71821D8C14100562E9E /* AnswerTableListCell.xib */; };
		BC85D72021D91BC800562E9E /* HeaderTagTableCell.swift in Sources */ = {isa = PBXBuildFile; fileRef = BC85D71F21D91BC800562E9E /* HeaderTagTableCell.swift */; };
		BCB6C97921C4076700BCEDC2 /* WebRTCClient.swift in Sources */ = {isa = PBXBuildFile; fileRef = BCB6C97821C4076700BCEDC2 /* WebRTCClient.swift */; };
		BCD0FFD121D9339C00A5083C /* Extenion+CALayer.swift in Sources */ = {isa = PBXBuildFile; fileRef = BCD0FFD021D9339C00A5083C /* Extenion+CALayer.swift */; };
		BCD0FFD321DA477F00A5083C /* FilterViewController.swift in Sources */ = {isa = PBXBuildFile; fileRef = BCD0FFD221DA477F00A5083C /* FilterViewController.swift */; };
		BCF0613121CCC21E004237EE /* TabBarController.swift in Sources */ = {isa = PBXBuildFile; fileRef = BCF0613021CCC21E004237EE /* TabBarController.swift */; };
		BCF0613321CCC3E8004237EE /* AskQuestionViewController.swift in Sources */ = {isa = PBXBuildFile; fileRef = BCF0613221CCC3E8004237EE /* AskQuestionViewController.swift */; };
		BCF0613521CCC4EE004237EE /* AnswerViewController.swift in Sources */ = {isa = PBXBuildFile; fileRef = BCF0613421CCC4EE004237EE /* AnswerViewController.swift */; };
		BCF0613721CCC4F9004237EE /* NotificationViewController.swift in Sources */ = {isa = PBXBuildFile; fileRef = BCF0613621CCC4F9004237EE /* NotificationViewController.swift */; };
		BCF0613921CCC504004237EE /* MyPageViewController.swift in Sources */ = {isa = PBXBuildFile; fileRef = BCF0613821CCC504004237EE /* MyPageViewController.swift */; };
		BCF0614421CCC5F1004237EE /* Answer.storyboard in Resources */ = {isa = PBXBuildFile; fileRef = BCF0614221CCC5F1004237EE /* Answer.storyboard */; };
		BCF0614721CCC61E004237EE /* Notification.storyboard in Resources */ = {isa = PBXBuildFile; fileRef = BCF0614521CCC61E004237EE /* Notification.storyboard */; };
		BCF0614A21CCC68B004237EE /* MyPage.storyboard in Resources */ = {isa = PBXBuildFile; fileRef = BCF0614821CCC68B004237EE /* MyPage.storyboard */; };
		D5255EC72785D2F851879E8E /* Pods_Quve.framework in Frameworks */ = {isa = PBXBuildFile; fileRef = 624498FAE0C86C3E0A921E3C /* Pods_Quve.framework */; };
		E699D9B5074127FBF728DD01 /* Pods_QuveUITests.framework in Frameworks */ = {isa = PBXBuildFile; fileRef = CBA000ABDB36D17DC099AC9F /* Pods_QuveUITests.framework */; };
/* End PBXBuildFile section */

/* Begin PBXContainerItemProxy section */
		BC3896E721BB5FF3003328E7 /* PBXContainerItemProxy */ = {
			isa = PBXContainerItemProxy;
			containerPortal = BC3896C721BB5FF0003328E7 /* Project object */;
			proxyType = 1;
			remoteGlobalIDString = BC3896CE21BB5FF0003328E7;
			remoteInfo = Quve;
		};
		BC3896F221BB5FF3003328E7 /* PBXContainerItemProxy */ = {
			isa = PBXContainerItemProxy;
			containerPortal = BC3896C721BB5FF0003328E7 /* Project object */;
			proxyType = 1;
			remoteGlobalIDString = BC3896CE21BB5FF0003328E7;
			remoteInfo = Quve;
		};
/* End PBXContainerItemProxy section */

/* Begin PBXFileReference section */
		20CB72FA58F7DB0F4718E830 /* Pods-QuveTests.debug.xcconfig */ = {isa = PBXFileReference; includeInIndex = 1; lastKnownFileType = text.xcconfig; name = "Pods-QuveTests.debug.xcconfig"; path = "Pods/Target Support Files/Pods-QuveTests/Pods-QuveTests.debug.xcconfig"; sourceTree = "<group>"; };
		514C18440FCE1754FE193BFE /* Pods_QuveTests.framework */ = {isa = PBXFileReference; explicitFileType = wrapper.framework; includeInIndex = 0; path = Pods_QuveTests.framework; sourceTree = BUILT_PRODUCTS_DIR; };
		624498FAE0C86C3E0A921E3C /* Pods_Quve.framework */ = {isa = PBXFileReference; explicitFileType = wrapper.framework; includeInIndex = 0; path = Pods_Quve.framework; sourceTree = BUILT_PRODUCTS_DIR; };
		76CABE4D3B7399A2CBC58B65 /* Pods-QuveUITests.debug.xcconfig */ = {isa = PBXFileReference; includeInIndex = 1; lastKnownFileType = text.xcconfig; name = "Pods-QuveUITests.debug.xcconfig"; path = "Pods/Target Support Files/Pods-QuveUITests/Pods-QuveUITests.debug.xcconfig"; sourceTree = "<group>"; };
		B979730501BFEE3045B7CABE /* Pods-Quve.debug.xcconfig */ = {isa = PBXFileReference; includeInIndex = 1; lastKnownFileType = text.xcconfig; name = "Pods-Quve.debug.xcconfig"; path = "Pods/Target Support Files/Pods-Quve/Pods-Quve.debug.xcconfig"; sourceTree = "<group>"; };
		B9EBAAB51E772530D88416A9 /* Pods-Quve.release.xcconfig */ = {isa = PBXFileReference; includeInIndex = 1; lastKnownFileType = text.xcconfig; name = "Pods-Quve.release.xcconfig"; path = "Pods/Target Support Files/Pods-Quve/Pods-Quve.release.xcconfig"; sourceTree = "<group>"; };
		BC0CEE6521EB5D62001FE7D6 /* GoogleAuth.swift */ = {isa = PBXFileReference; lastKnownFileType = sourcecode.swift; path = GoogleAuth.swift; sourceTree = "<group>"; };
		BC0CEE6921EB5D7F001FE7D6 /* FacebookAuth.swift */ = {isa = PBXFileReference; lastKnownFileType = sourcecode.swift; path = FacebookAuth.swift; sourceTree = "<group>"; };
		BC0CEE6E21EC6F61001FE7D6 /* APIService.swift */ = {isa = PBXFileReference; lastKnownFileType = sourcecode.swift; path = APIService.swift; sourceTree = "<group>"; };
		BC0CEE7021EC7007001FE7D6 /* UserRouter.swift */ = {isa = PBXFileReference; lastKnownFileType = sourcecode.swift; path = UserRouter.swift; sourceTree = "<group>"; };
		BC0CEE7321EC86DD001FE7D6 /* APIConfiguration.swift */ = {isa = PBXFileReference; lastKnownFileType = sourcecode.swift; path = APIConfiguration.swift; sourceTree = "<group>"; };
		BC0CEE7521EC8900001FE7D6 /* InfoModel.swift */ = {isa = PBXFileReference; lastKnownFileType = sourcecode.swift; path = InfoModel.swift; sourceTree = "<group>"; };
		BC0CEE7721EC8995001FE7D6 /* LoginModel.swift */ = {isa = PBXFileReference; lastKnownFileType = sourcecode.swift; path = LoginModel.swift; sourceTree = "<group>"; };
		BC0CEE7A21EC8A63001FE7D6 /* RegisterModel.swift */ = {isa = PBXFileReference; lastKnownFileType = sourcecode.swift; path = RegisterModel.swift; sourceTree = "<group>"; };
		BC0CEE7C21EC8A97001FE7D6 /* FacebookModel.swift */ = {isa = PBXFileReference; lastKnownFileType = sourcecode.swift; path = FacebookModel.swift; sourceTree = "<group>"; };
		BC0CEE7F21EE07B9001FE7D6 /* APIClient.swift */ = {isa = PBXFileReference; lastKnownFileType = sourcecode.swift; path = APIClient.swift; sourceTree = "<group>"; };
		BC0CEE8121EE23BA001FE7D6 /* CategoryRouter.swift */ = {isa = PBXFileReference; lastKnownFileType = sourcecode.swift; path = CategoryRouter.swift; sourceTree = "<group>"; };
		BC0CEE8321EE251A001FE7D6 /* QuestionRouter.swift */ = {isa = PBXFileReference; lastKnownFileType = sourcecode.swift; path = QuestionRouter.swift; sourceTree = "<group>"; };
		BC0CEE8521EE54E7001FE7D6 /* Extension+JSON.swift */ = {isa = PBXFileReference; lastKnownFileType = sourcecode.swift; path = "Extension+JSON.swift"; sourceTree = "<group>"; };
		BC0CEE8821EF3287001FE7D6 /* QuestionModel.swift */ = {isa = PBXFileReference; lastKnownFileType = sourcecode.swift; path = QuestionModel.swift; sourceTree = "<group>"; };
		BC2C2F7021DDEF2B002DF130 /* Login.storyboard */ = {isa = PBXFileReference; lastKnownFileType = file.storyboard; path = Login.storyboard; sourceTree = "<group>"; };
		BC2C2F7321DDF3FB002DF130 /* SignInViewController.swift */ = {isa = PBXFileReference; lastKnownFileType = sourcecode.swift; path = SignInViewController.swift; sourceTree = "<group>"; };
		BC3896CF21BB5FF0003328E7 /* Quve.app */ = {isa = PBXFileReference; explicitFileType = wrapper.application; includeInIndex = 0; path = Quve.app; sourceTree = BUILT_PRODUCTS_DIR; };
		BC3896D221BB5FF0003328E7 /* AppDelegate.swift */ = {isa = PBXFileReference; lastKnownFileType = sourcecode.swift; path = AppDelegate.swift; sourceTree = "<group>"; };
		BC3896D421BB5FF0003328E7 /* HomeViewController.swift */ = {isa = PBXFileReference; lastKnownFileType = sourcecode.swift; path = HomeViewController.swift; sourceTree = "<group>"; };
		BC3896D721BB5FF0003328E7 /* Base */ = {isa = PBXFileReference; lastKnownFileType = file.storyboard; name = Base; path = Base.lproj/Main.storyboard; sourceTree = "<group>"; };
		BC3896DA21BB5FF0003328E7 /* Quve.xcdatamodel */ = {isa = PBXFileReference; lastKnownFileType = wrapper.xcdatamodel; path = Quve.xcdatamodel; sourceTree = "<group>"; };
		BC3896DC21BB5FF3003328E7 /* Assets.xcassets */ = {isa = PBXFileReference; lastKnownFileType = folder.assetcatalog; path = Assets.xcassets; sourceTree = "<group>"; };
		BC3896DF21BB5FF3003328E7 /* Base */ = {isa = PBXFileReference; lastKnownFileType = file.storyboard; name = Base; path = Base.lproj/LaunchScreen.storyboard; sourceTree = "<group>"; };
		BC3896E121BB5FF3003328E7 /* Info.plist */ = {isa = PBXFileReference; lastKnownFileType = text.plist.xml; path = Info.plist; sourceTree = "<group>"; };
		BC3896E621BB5FF3003328E7 /* QuveTests.xctest */ = {isa = PBXFileReference; explicitFileType = wrapper.cfbundle; includeInIndex = 0; path = QuveTests.xctest; sourceTree = BUILT_PRODUCTS_DIR; };
		BC3896EA21BB5FF3003328E7 /* QuveTests.swift */ = {isa = PBXFileReference; lastKnownFileType = sourcecode.swift; path = QuveTests.swift; sourceTree = "<group>"; };
		BC3896EC21BB5FF3003328E7 /* Info.plist */ = {isa = PBXFileReference; lastKnownFileType = text.plist.xml; path = Info.plist; sourceTree = "<group>"; };
		BC3896F121BB5FF3003328E7 /* QuveUITests.xctest */ = {isa = PBXFileReference; explicitFileType = wrapper.cfbundle; includeInIndex = 0; path = QuveUITests.xctest; sourceTree = BUILT_PRODUCTS_DIR; };
		BC3896F521BB5FF3003328E7 /* QuveUITests.swift */ = {isa = PBXFileReference; lastKnownFileType = sourcecode.swift; path = QuveUITests.swift; sourceTree = "<group>"; };
		BC3896F721BB5FF3003328E7 /* Info.plist */ = {isa = PBXFileReference; lastKnownFileType = text.plist.xml; path = Info.plist; sourceTree = "<group>"; };
		BC66A5EC21C428D100E1C83B /* SignalClient.swift */ = {isa = PBXFileReference; lastKnownFileType = sourcecode.swift; path = SignalClient.swift; sourceTree = "<group>"; };
		BC66A5EF21C42AC500E1C83B /* RTCIceCandidate+JSON.swift */ = {isa = PBXFileReference; fileEncoding = 4; lastKnownFileType = sourcecode.swift; path = "RTCIceCandidate+JSON.swift"; sourceTree = "<group>"; };
		BC66A5F021C42AC500E1C83B /* RTCSessionDescription+JSON.swift */ = {isa = PBXFileReference; fileEncoding = 4; lastKnownFileType = sourcecode.swift; path = "RTCSessionDescription+JSON.swift"; sourceTree = "<group>"; };
		BC66A5F121C42AC600E1C83B /* RTCStates.swift */ = {isa = PBXFileReference; fileEncoding = 4; lastKnownFileType = sourcecode.swift; path = RTCStates.swift; sourceTree = "<group>"; };
		BC66A5FA21C4D67A00E1C83B /* SpoqaHanSans-Regular.ttf */ = {isa = PBXFileReference; lastKnownFileType = file; path = "SpoqaHanSans-Regular.ttf"; sourceTree = "<group>"; };
		BC66A5FB21C4D67B00E1C83B /* SpoqaHanSans-Bold.ttf */ = {isa = PBXFileReference; lastKnownFileType = file; path = "SpoqaHanSans-Bold.ttf"; sourceTree = "<group>"; };
		BC66A5FC21C4D67C00E1C83B /* SpoqaHanSans-Light.ttf */ = {isa = PBXFileReference; lastKnownFileType = file; path = "SpoqaHanSans-Light.ttf"; sourceTree = "<group>"; };
		BC66A5FD21C4D67E00E1C83B /* SpoqaHanSans-Thin.ttf */ = {isa = PBXFileReference; lastKnownFileType = file; path = "SpoqaHanSans-Thin.ttf"; sourceTree = "<group>"; };
		BC6EF58A21C7BAEB003456FB /* HomeCollectionListCell.swift */ = {isa = PBXFileReference; lastKnownFileType = sourcecode.swift; path = HomeCollectionListCell.swift; sourceTree = "<group>"; };
		BC6EF58B21C7BAEB003456FB /* HomeCollectionListCell.xib */ = {isa = PBXFileReference; lastKnownFileType = file.xib; path = HomeCollectionListCell.xib; sourceTree = "<group>"; };
		BC6EF58E21C7C5D9003456FB /* HomeChildViewController.swift */ = {isa = PBXFileReference; lastKnownFileType = sourcecode.swift; path = HomeChildViewController.swift; sourceTree = "<group>"; };
		BC85D71721D8C14100562E9E /* AnswerTableListCell.swift */ = {isa = PBXFileReference; lastKnownFileType = sourcecode.swift; path = AnswerTableListCell.swift; sourceTree = "<group>"; };
		BC85D71821D8C14100562E9E /* AnswerTableListCell.xib */ = {isa = PBXFileReference; lastKnownFileType = file.xib; path = AnswerTableListCell.xib; sourceTree = "<group>"; };
		BC85D71F21D91BC800562E9E /* HeaderTagTableCell.swift */ = {isa = PBXFileReference; lastKnownFileType = sourcecode.swift; path = HeaderTagTableCell.swift; sourceTree = "<group>"; };
		BCB6C97821C4076700BCEDC2 /* WebRTCClient.swift */ = {isa = PBXFileReference; lastKnownFileType = sourcecode.swift; path = WebRTCClient.swift; sourceTree = "<group>"; };
		BCB6C97A21C4082800BCEDC2 /* Quve-Bridging-Header.h */ = {isa = PBXFileReference; lastKnownFileType = sourcecode.c.h; path = "Quve-Bridging-Header.h"; sourceTree = "<group>"; };
		BCD0FFD021D9339C00A5083C /* Extenion+CALayer.swift */ = {isa = PBXFileReference; lastKnownFileType = sourcecode.swift; path = "Extenion+CALayer.swift"; sourceTree = "<group>"; };
		BCD0FFD221DA477F00A5083C /* FilterViewController.swift */ = {isa = PBXFileReference; lastKnownFileType = sourcecode.swift; path = FilterViewController.swift; sourceTree = "<group>"; };
		BCF0613021CCC21E004237EE /* TabBarController.swift */ = {isa = PBXFileReference; lastKnownFileType = sourcecode.swift; path = TabBarController.swift; sourceTree = "<group>"; };
		BCF0613221CCC3E8004237EE /* AskQuestionViewController.swift */ = {isa = PBXFileReference; lastKnownFileType = sourcecode.swift; path = AskQuestionViewController.swift; sourceTree = "<group>"; };
		BCF0613421CCC4EE004237EE /* AnswerViewController.swift */ = {isa = PBXFileReference; lastKnownFileType = sourcecode.swift; path = AnswerViewController.swift; sourceTree = "<group>"; };
		BCF0613621CCC4F9004237EE /* NotificationViewController.swift */ = {isa = PBXFileReference; lastKnownFileType = sourcecode.swift; path = NotificationViewController.swift; sourceTree = "<group>"; };
		BCF0613821CCC504004237EE /* MyPageViewController.swift */ = {isa = PBXFileReference; lastKnownFileType = sourcecode.swift; path = MyPageViewController.swift; sourceTree = "<group>"; };
		BCF0614321CCC5F1004237EE /* Base */ = {isa = PBXFileReference; lastKnownFileType = file.storyboard; name = Base; path = Base.lproj/Answer.storyboard; sourceTree = "<group>"; };
		BCF0614621CCC61E004237EE /* Base */ = {isa = PBXFileReference; lastKnownFileType = file.storyboard; name = Base; path = Base.lproj/Notification.storyboard; sourceTree = "<group>"; };
		BCF0614921CCC68B004237EE /* Base */ = {isa = PBXFileReference; lastKnownFileType = file.storyboard; name = Base; path = Base.lproj/MyPage.storyboard; sourceTree = "<group>"; };
		C5481CD9CD6EFA5C4B32869E /* Pods-QuveUITests.release.xcconfig */ = {isa = PBXFileReference; includeInIndex = 1; lastKnownFileType = text.xcconfig; name = "Pods-QuveUITests.release.xcconfig"; path = "Pods/Target Support Files/Pods-QuveUITests/Pods-QuveUITests.release.xcconfig"; sourceTree = "<group>"; };
		CBA000ABDB36D17DC099AC9F /* Pods_QuveUITests.framework */ = {isa = PBXFileReference; explicitFileType = wrapper.framework; includeInIndex = 0; path = Pods_QuveUITests.framework; sourceTree = BUILT_PRODUCTS_DIR; };
		E435FD19DAF05466CCFE99B9 /* Pods-QuveTests.release.xcconfig */ = {isa = PBXFileReference; includeInIndex = 1; lastKnownFileType = text.xcconfig; name = "Pods-QuveTests.release.xcconfig"; path = "Pods/Target Support Files/Pods-QuveTests/Pods-QuveTests.release.xcconfig"; sourceTree = "<group>"; };
/* End PBXFileReference section */

/* Begin PBXFrameworksBuildPhase section */
		BC3896CC21BB5FF0003328E7 /* Frameworks */ = {
			isa = PBXFrameworksBuildPhase;
			buildActionMask = 2147483647;
			files = (
				D5255EC72785D2F851879E8E /* Pods_Quve.framework in Frameworks */,
			);
			runOnlyForDeploymentPostprocessing = 0;
		};
		BC3896E321BB5FF3003328E7 /* Frameworks */ = {
			isa = PBXFrameworksBuildPhase;
			buildActionMask = 2147483647;
			files = (
				29C3E4FEE231F377D33BA221 /* Pods_QuveTests.framework in Frameworks */,
			);
			runOnlyForDeploymentPostprocessing = 0;
		};
		BC3896EE21BB5FF3003328E7 /* Frameworks */ = {
			isa = PBXFrameworksBuildPhase;
			buildActionMask = 2147483647;
			files = (
				E699D9B5074127FBF728DD01 /* Pods_QuveUITests.framework in Frameworks */,
			);
			runOnlyForDeploymentPostprocessing = 0;
		};
/* End PBXFrameworksBuildPhase section */

/* Begin PBXGroup section */
		86376752BA5D2626216E2DC4 /* Frameworks */ = {
			isa = PBXGroup;
			children = (
				624498FAE0C86C3E0A921E3C /* Pods_Quve.framework */,
				514C18440FCE1754FE193BFE /* Pods_QuveTests.framework */,
				CBA000ABDB36D17DC099AC9F /* Pods_QuveUITests.framework */,
			);
			name = Frameworks;
			sourceTree = "<group>";
		};
		BC0CEE6B21EB7C2E001FE7D6 /* Network */ = {
			isa = PBXGroup;
			children = (
				BC0CEE7E21EE07A8001FE7D6 /* Router */,
				BC0CEE7221EC7187001FE7D6 /* API */,
			);
			path = Network;
			sourceTree = "<group>";
		};
		BC0CEE7221EC7187001FE7D6 /* API */ = {
			isa = PBXGroup;
			children = (
				BC0CEE6E21EC6F61001FE7D6 /* APIService.swift */,
				BC0CEE7321EC86DD001FE7D6 /* APIConfiguration.swift */,
				BC0CEE7F21EE07B9001FE7D6 /* APIClient.swift */,
			);
			path = API;
			sourceTree = "<group>";
		};
		BC0CEE7921EC89DF001FE7D6 /* User */ = {
			isa = PBXGroup;
			children = (
				BC0CEE7521EC8900001FE7D6 /* InfoModel.swift */,
				BC0CEE7721EC8995001FE7D6 /* LoginModel.swift */,
				BC0CEE7A21EC8A63001FE7D6 /* RegisterModel.swift */,
				BC0CEE7C21EC8A97001FE7D6 /* FacebookModel.swift */,
			);
			path = User;
			sourceTree = "<group>";
		};
		BC0CEE7E21EE07A8001FE7D6 /* Router */ = {
			isa = PBXGroup;
			children = (
				BC0CEE7021EC7007001FE7D6 /* UserRouter.swift */,
				BC0CEE8121EE23BA001FE7D6 /* CategoryRouter.swift */,
				BC0CEE8321EE251A001FE7D6 /* QuestionRouter.swift */,
			);
			path = Router;
			sourceTree = "<group>";
		};
		BC0CEE8721EF326C001FE7D6 /* Question */ = {
			isa = PBXGroup;
			children = (
				BC0CEE8821EF3287001FE7D6 /* QuestionModel.swift */,
			);
			path = Question;
			sourceTree = "<group>";
		};
		BC2C2F7221DDF3E0002DF130 /* Login */ = {
			isa = PBXGroup;
			children = (
				BC2C2F7321DDF3FB002DF130 /* SignInViewController.swift */,
			);
			path = Login;
			sourceTree = "<group>";
		};
		BC3896C621BB5FF0003328E7 = {
			isa = PBXGroup;
			children = (
				BC3896D121BB5FF0003328E7 /* Quve */,
				BC3896E921BB5FF3003328E7 /* QuveTests */,
				BC3896F421BB5FF3003328E7 /* QuveUITests */,
				BC3896D021BB5FF0003328E7 /* Products */,
				CBABAB2A180209D7F4A1BFA5 /* Pods */,
				86376752BA5D2626216E2DC4 /* Frameworks */,
			);
			sourceTree = "<group>";
		};
		BC3896D021BB5FF0003328E7 /* Products */ = {
			isa = PBXGroup;
			children = (
				BC3896CF21BB5FF0003328E7 /* Quve.app */,
				BC3896E621BB5FF3003328E7 /* QuveTests.xctest */,
				BC3896F121BB5FF3003328E7 /* QuveUITests.xctest */,
			);
			name = Products;
			sourceTree = "<group>";
		};
		BC3896D121BB5FF0003328E7 /* Quve */ = {
			isa = PBXGroup;
			children = (
				BC3896D221BB5FF0003328E7 /* AppDelegate.swift */,
				BC0CEE6521EB5D62001FE7D6 /* GoogleAuth.swift */,
				BC0CEE6921EB5D7F001FE7D6 /* FacebookAuth.swift */,
				BC3896DC21BB5FF3003328E7 /* Assets.xcassets */,
				BC3896E121BB5FF3003328E7 /* Info.plist */,
				BC66A5F921C4D65F00E1C83B /* Font */,
				BC66A5EE21C42A7100E1C83B /* RTCExtension */,
				BCD0FFCF21D9338400A5083C /* Extension */,
				BCB6C97521C3FF5600BCEDC2 /* Model */,
				BC66A60421C4D88D00E1C83B /* View */,
				BCB6C97721C3FF6000BCEDC2 /* Controller */,
				BC3896DE21BB5FF3003328E7 /* LaunchScreen.storyboard */,
				BC3896D921BB5FF0003328E7 /* Quve.xcdatamodeld */,
				BCB6C97821C4076700BCEDC2 /* WebRTCClient.swift */,
				BC66A5EC21C428D100E1C83B /* SignalClient.swift */,
				BCB6C97A21C4082800BCEDC2 /* Quve-Bridging-Header.h */,
			);
			path = Quve;
			sourceTree = "<group>";
		};
		BC3896E921BB5FF3003328E7 /* QuveTests */ = {
			isa = PBXGroup;
			children = (
				BC3896EA21BB5FF3003328E7 /* QuveTests.swift */,
				BC3896EC21BB5FF3003328E7 /* Info.plist */,
			);
			path = QuveTests;
			sourceTree = "<group>";
		};
		BC3896F421BB5FF3003328E7 /* QuveUITests */ = {
			isa = PBXGroup;
			children = (
				BC3896F521BB5FF3003328E7 /* QuveUITests.swift */,
				BC3896F721BB5FF3003328E7 /* Info.plist */,
			);
			path = QuveUITests;
			sourceTree = "<group>";
		};
		BC66A5EE21C42A7100E1C83B /* RTCExtension */ = {
			isa = PBXGroup;
			children = (
				BC66A5EF21C42AC500E1C83B /* RTCIceCandidate+JSON.swift */,
				BC66A5F021C42AC500E1C83B /* RTCSessionDescription+JSON.swift */,
				BC66A5F121C42AC600E1C83B /* RTCStates.swift */,
			);
			path = RTCExtension;
			sourceTree = "<group>";
		};
		BC66A5F921C4D65F00E1C83B /* Font */ = {
			isa = PBXGroup;
			children = (
				BC66A5FD21C4D67E00E1C83B /* SpoqaHanSans-Thin.ttf */,
				BC66A5FB21C4D67B00E1C83B /* SpoqaHanSans-Bold.ttf */,
				BC66A5FC21C4D67C00E1C83B /* SpoqaHanSans-Light.ttf */,
				BC66A5FA21C4D67A00E1C83B /* SpoqaHanSans-Regular.ttf */,
			);
			path = Font;
			sourceTree = "<group>";
		};
		BC66A60421C4D88D00E1C83B /* View */ = {
			isa = PBXGroup;
			children = (
				BCF0613F21CCC54D004237EE /* Storyboard */,
				BC85D71521D8C03F00562E9E /* Home */,
				BC85D71621D8C04800562E9E /* Answer */,
			);
			path = View;
			sourceTree = "<group>";
		};
		BC85D71521D8C03F00562E9E /* Home */ = {
			isa = PBXGroup;
			children = (
				BC6EF58A21C7BAEB003456FB /* HomeCollectionListCell.swift */,
				BC6EF58B21C7BAEB003456FB /* HomeCollectionListCell.xib */,
			);
			path = Home;
			sourceTree = "<group>";
		};
		BC85D71621D8C04800562E9E /* Answer */ = {
			isa = PBXGroup;
			children = (
				BC85D71F21D91BC800562E9E /* HeaderTagTableCell.swift */,
				BC85D71721D8C14100562E9E /* AnswerTableListCell.swift */,
				BC85D71821D8C14100562E9E /* AnswerTableListCell.xib */,
			);
			path = Answer;
			sourceTree = "<group>";
		};
		BCB6C97521C3FF5600BCEDC2 /* Model */ = {
			isa = PBXGroup;
			children = (
				BC0CEE8721EF326C001FE7D6 /* Question */,
				BC0CEE7921EC89DF001FE7D6 /* User */,
				BC0CEE6B21EB7C2E001FE7D6 /* Network */,
			);
			path = Model;
			sourceTree = "<group>";
		};
		BCB6C97721C3FF6000BCEDC2 /* Controller */ = {
			isa = PBXGroup;
			children = (
				BC2C2F7221DDF3E0002DF130 /* Login */,
				BCF0613021CCC21E004237EE /* TabBarController.swift */,
				BCF0613A21CCC50A004237EE /* Home */,
				BCF0613B21CCC50F004237EE /* Answer */,
				BCF0613C21CCC514004237EE /* Ask */,
				BCF0613D21CCC519004237EE /* Notification */,
				BCF0613E21CCC51F004237EE /* Mypage */,
			);
			path = Controller;
			sourceTree = "<group>";
		};
		BCD0FFCF21D9338400A5083C /* Extension */ = {
			isa = PBXGroup;
			children = (
				BCD0FFD021D9339C00A5083C /* Extenion+CALayer.swift */,
				BC0CEE8521EE54E7001FE7D6 /* Extension+JSON.swift */,
			);
			path = Extension;
			sourceTree = "<group>";
		};
		BCF0613A21CCC50A004237EE /* Home */ = {
			isa = PBXGroup;
			children = (
				BC3896D421BB5FF0003328E7 /* HomeViewController.swift */,
				BC6EF58E21C7C5D9003456FB /* HomeChildViewController.swift */,
			);
			path = Home;
			sourceTree = "<group>";
		};
		BCF0613B21CCC50F004237EE /* Answer */ = {
			isa = PBXGroup;
			children = (
				BCF0613421CCC4EE004237EE /* AnswerViewController.swift */,
				BCD0FFD221DA477F00A5083C /* FilterViewController.swift */,
			);
			path = Answer;
			sourceTree = "<group>";
		};
		BCF0613C21CCC514004237EE /* Ask */ = {
			isa = PBXGroup;
			children = (
				BCF0613221CCC3E8004237EE /* AskQuestionViewController.swift */,
			);
			path = Ask;
			sourceTree = "<group>";
		};
		BCF0613D21CCC519004237EE /* Notification */ = {
			isa = PBXGroup;
			children = (
				BCF0613621CCC4F9004237EE /* NotificationViewController.swift */,
			);
			path = Notification;
			sourceTree = "<group>";
		};
		BCF0613E21CCC51F004237EE /* Mypage */ = {
			isa = PBXGroup;
			children = (
				BCF0613821CCC504004237EE /* MyPageViewController.swift */,
			);
			path = Mypage;
			sourceTree = "<group>";
		};
		BCF0613F21CCC54D004237EE /* Storyboard */ = {
			isa = PBXGroup;
			children = (
				BCF0614821CCC68B004237EE /* MyPage.storyboard */,
				BCF0614521CCC61E004237EE /* Notification.storyboard */,
				BCF0614221CCC5F1004237EE /* Answer.storyboard */,
				BC3896D621BB5FF0003328E7 /* Main.storyboard */,
				BC2C2F7021DDEF2B002DF130 /* Login.storyboard */,
			);
			path = Storyboard;
			sourceTree = "<group>";
		};
		CBABAB2A180209D7F4A1BFA5 /* Pods */ = {
			isa = PBXGroup;
			children = (
				B979730501BFEE3045B7CABE /* Pods-Quve.debug.xcconfig */,
				B9EBAAB51E772530D88416A9 /* Pods-Quve.release.xcconfig */,
				20CB72FA58F7DB0F4718E830 /* Pods-QuveTests.debug.xcconfig */,
				E435FD19DAF05466CCFE99B9 /* Pods-QuveTests.release.xcconfig */,
				76CABE4D3B7399A2CBC58B65 /* Pods-QuveUITests.debug.xcconfig */,
				C5481CD9CD6EFA5C4B32869E /* Pods-QuveUITests.release.xcconfig */,
			);
			name = Pods;
			sourceTree = "<group>";
		};
/* End PBXGroup section */

/* Begin PBXNativeTarget section */
		BC3896CE21BB5FF0003328E7 /* Quve */ = {
			isa = PBXNativeTarget;
			buildConfigurationList = BC3896FA21BB5FF3003328E7 /* Build configuration list for PBXNativeTarget "Quve" */;
			buildPhases = (
				E9CAE81ECE67ADC1C3672083 /* [CP] Check Pods Manifest.lock */,
				BC3896CB21BB5FF0003328E7 /* Sources */,
				BC3896CC21BB5FF0003328E7 /* Frameworks */,
				BC3896CD21BB5FF0003328E7 /* Resources */,
				FCCF95B7A1D132DFBB2099FF /* [CP] Embed Pods Frameworks */,
				091401C4712E9B300E30EF4B /* [CP] Copy Pods Resources */,
			);
			buildRules = (
			);
			dependencies = (
			);
			name = Quve;
			productName = Quve;
			productReference = BC3896CF21BB5FF0003328E7 /* Quve.app */;
			productType = "com.apple.product-type.application";
		};
		BC3896E521BB5FF3003328E7 /* QuveTests */ = {
			isa = PBXNativeTarget;
			buildConfigurationList = BC3896FD21BB5FF3003328E7 /* Build configuration list for PBXNativeTarget "QuveTests" */;
			buildPhases = (
				92B3274D83E757BC0874EA39 /* [CP] Check Pods Manifest.lock */,
				BC3896E221BB5FF3003328E7 /* Sources */,
				BC3896E321BB5FF3003328E7 /* Frameworks */,
				BC3896E421BB5FF3003328E7 /* Resources */,
			);
			buildRules = (
			);
			dependencies = (
				BC3896E821BB5FF3003328E7 /* PBXTargetDependency */,
			);
			name = QuveTests;
			productName = QuveTests;
			productReference = BC3896E621BB5FF3003328E7 /* QuveTests.xctest */;
			productType = "com.apple.product-type.bundle.unit-test";
		};
		BC3896F021BB5FF3003328E7 /* QuveUITests */ = {
			isa = PBXNativeTarget;
			buildConfigurationList = BC38970021BB5FF3003328E7 /* Build configuration list for PBXNativeTarget "QuveUITests" */;
			buildPhases = (
				18E6E49D6EB6067A66CAD44E /* [CP] Check Pods Manifest.lock */,
				BC3896ED21BB5FF3003328E7 /* Sources */,
				BC3896EE21BB5FF3003328E7 /* Frameworks */,
				BC3896EF21BB5FF3003328E7 /* Resources */,
			);
			buildRules = (
			);
			dependencies = (
				BC3896F321BB5FF3003328E7 /* PBXTargetDependency */,
			);
			name = QuveUITests;
			productName = QuveUITests;
			productReference = BC3896F121BB5FF3003328E7 /* QuveUITests.xctest */;
			productType = "com.apple.product-type.bundle.ui-testing";
		};
/* End PBXNativeTarget section */

/* Begin PBXProject section */
		BC3896C721BB5FF0003328E7 /* Project object */ = {
			isa = PBXProject;
			attributes = {
				LastSwiftUpdateCheck = 1000;
				LastUpgradeCheck = 1000;
				ORGANIZATIONNAME = "Park Sung Joon";
				TargetAttributes = {
					BC3896CE21BB5FF0003328E7 = {
						CreatedOnToolsVersion = 10.0;
						LastSwiftMigration = 1000;
					};
					BC3896E521BB5FF3003328E7 = {
						CreatedOnToolsVersion = 10.0;
						TestTargetID = BC3896CE21BB5FF0003328E7;
					};
					BC3896F021BB5FF3003328E7 = {
						CreatedOnToolsVersion = 10.0;
						TestTargetID = BC3896CE21BB5FF0003328E7;
					};
				};
			};
			buildConfigurationList = BC3896CA21BB5FF0003328E7 /* Build configuration list for PBXProject "Quve" */;
			compatibilityVersion = "Xcode 9.3";
			developmentRegion = en;
			hasScannedForEncodings = 0;
			knownRegions = (
				en,
				Base,
			);
			mainGroup = BC3896C621BB5FF0003328E7;
			productRefGroup = BC3896D021BB5FF0003328E7 /* Products */;
			projectDirPath = "";
			projectRoot = "";
			targets = (
				BC3896CE21BB5FF0003328E7 /* Quve */,
				BC3896E521BB5FF3003328E7 /* QuveTests */,
				BC3896F021BB5FF3003328E7 /* QuveUITests */,
			);
		};
/* End PBXProject section */

/* Begin PBXResourcesBuildPhase section */
		BC3896CD21BB5FF0003328E7 /* Resources */ = {
			isa = PBXResourcesBuildPhase;
			buildActionMask = 2147483647;
			files = (
				BC66A5FE21C4D67E00E1C83B /* SpoqaHanSans-Regular.ttf in Resources */,
				BC3896E021BB5FF3003328E7 /* LaunchScreen.storyboard in Resources */,
				BCF0614421CCC5F1004237EE /* Answer.storyboard in Resources */,
				BC66A60121C4D67E00E1C83B /* SpoqaHanSans-Thin.ttf in Resources */,
				BC85D71A21D8C14100562E9E /* AnswerTableListCell.xib in Resources */,
				BC66A60021C4D67E00E1C83B /* SpoqaHanSans-Light.ttf in Resources */,
				BC6EF58D21C7BAEB003456FB /* HomeCollectionListCell.xib in Resources */,
				BCF0614A21CCC68B004237EE /* MyPage.storyboard in Resources */,
				BC66A5FF21C4D67E00E1C83B /* SpoqaHanSans-Bold.ttf in Resources */,
				BC3896DD21BB5FF3003328E7 /* Assets.xcassets in Resources */,
				BC3896D821BB5FF0003328E7 /* Main.storyboard in Resources */,
				BCF0614721CCC61E004237EE /* Notification.storyboard in Resources */,
				BC2C2F7121DDEF2B002DF130 /* Login.storyboard in Resources */,
			);
			runOnlyForDeploymentPostprocessing = 0;
		};
		BC3896E421BB5FF3003328E7 /* Resources */ = {
			isa = PBXResourcesBuildPhase;
			buildActionMask = 2147483647;
			files = (
			);
			runOnlyForDeploymentPostprocessing = 0;
		};
		BC3896EF21BB5FF3003328E7 /* Resources */ = {
			isa = PBXResourcesBuildPhase;
			buildActionMask = 2147483647;
			files = (
			);
			runOnlyForDeploymentPostprocessing = 0;
		};
/* End PBXResourcesBuildPhase section */

/* Begin PBXShellScriptBuildPhase section */
		091401C4712E9B300E30EF4B /* [CP] Copy Pods Resources */ = {
			isa = PBXShellScriptBuildPhase;
			buildActionMask = 2147483647;
			files = (
			);
			inputFileListPaths = (
			);
			inputPaths = (
				"${SRCROOT}/Pods/Target Support Files/Pods-Quve/Pods-Quve-resources.sh",
				"${PODS_ROOT}/GoogleSignIn/Resources/GoogleSignIn.bundle",
			);
			name = "[CP] Copy Pods Resources";
			outputFileListPaths = (
			);
			outputPaths = (
				"${TARGET_BUILD_DIR}/${UNLOCALIZED_RESOURCES_FOLDER_PATH}/GoogleSignIn.bundle",
			);
			runOnlyForDeploymentPostprocessing = 0;
			shellPath = /bin/sh;
			shellScript = "\"${SRCROOT}/Pods/Target Support Files/Pods-Quve/Pods-Quve-resources.sh\"\n";
			showEnvVarsInLog = 0;
		};
		18E6E49D6EB6067A66CAD44E /* [CP] Check Pods Manifest.lock */ = {
			isa = PBXShellScriptBuildPhase;
			buildActionMask = 2147483647;
			files = (
			);
			inputFileListPaths = (
			);
			inputPaths = (
				"${PODS_PODFILE_DIR_PATH}/Podfile.lock",
				"${PODS_ROOT}/Manifest.lock",
			);
			name = "[CP] Check Pods Manifest.lock";
			outputFileListPaths = (
			);
			outputPaths = (
				"$(DERIVED_FILE_DIR)/Pods-QuveUITests-checkManifestLockResult.txt",
			);
			runOnlyForDeploymentPostprocessing = 0;
			shellPath = /bin/sh;
			shellScript = "diff \"${PODS_PODFILE_DIR_PATH}/Podfile.lock\" \"${PODS_ROOT}/Manifest.lock\" > /dev/null\nif [ $? != 0 ] ; then\n    # print error to STDERR\n    echo \"error: The sandbox is not in sync with the Podfile.lock. Run 'pod install' or update your CocoaPods installation.\" >&2\n    exit 1\nfi\n# This output is used by Xcode 'outputs' to avoid re-running this script phase.\necho \"SUCCESS\" > \"${SCRIPT_OUTPUT_FILE_0}\"\n";
			showEnvVarsInLog = 0;
		};
		92B3274D83E757BC0874EA39 /* [CP] Check Pods Manifest.lock */ = {
			isa = PBXShellScriptBuildPhase;
			buildActionMask = 2147483647;
			files = (
			);
			inputFileListPaths = (
			);
			inputPaths = (
				"${PODS_PODFILE_DIR_PATH}/Podfile.lock",
				"${PODS_ROOT}/Manifest.lock",
			);
			name = "[CP] Check Pods Manifest.lock";
			outputFileListPaths = (
			);
			outputPaths = (
				"$(DERIVED_FILE_DIR)/Pods-QuveTests-checkManifestLockResult.txt",
			);
			runOnlyForDeploymentPostprocessing = 0;
			shellPath = /bin/sh;
			shellScript = "diff \"${PODS_PODFILE_DIR_PATH}/Podfile.lock\" \"${PODS_ROOT}/Manifest.lock\" > /dev/null\nif [ $? != 0 ] ; then\n    # print error to STDERR\n    echo \"error: The sandbox is not in sync with the Podfile.lock. Run 'pod install' or update your CocoaPods installation.\" >&2\n    exit 1\nfi\n# This output is used by Xcode 'outputs' to avoid re-running this script phase.\necho \"SUCCESS\" > \"${SCRIPT_OUTPUT_FILE_0}\"\n";
			showEnvVarsInLog = 0;
		};
		E9CAE81ECE67ADC1C3672083 /* [CP] Check Pods Manifest.lock */ = {
			isa = PBXShellScriptBuildPhase;
			buildActionMask = 2147483647;
			files = (
			);
			inputFileListPaths = (
			);
			inputPaths = (
				"${PODS_PODFILE_DIR_PATH}/Podfile.lock",
				"${PODS_ROOT}/Manifest.lock",
			);
			name = "[CP] Check Pods Manifest.lock";
			outputFileListPaths = (
			);
			outputPaths = (
				"$(DERIVED_FILE_DIR)/Pods-Quve-checkManifestLockResult.txt",
			);
			runOnlyForDeploymentPostprocessing = 0;
			shellPath = /bin/sh;
			shellScript = "diff \"${PODS_PODFILE_DIR_PATH}/Podfile.lock\" \"${PODS_ROOT}/Manifest.lock\" > /dev/null\nif [ $? != 0 ] ; then\n    # print error to STDERR\n    echo \"error: The sandbox is not in sync with the Podfile.lock. Run 'pod install' or update your CocoaPods installation.\" >&2\n    exit 1\nfi\n# This output is used by Xcode 'outputs' to avoid re-running this script phase.\necho \"SUCCESS\" > \"${SCRIPT_OUTPUT_FILE_0}\"\n";
			showEnvVarsInLog = 0;
		};
		FCCF95B7A1D132DFBB2099FF /* [CP] Embed Pods Frameworks */ = {
			isa = PBXShellScriptBuildPhase;
			buildActionMask = 2147483647;
			files = (
			);
			inputFileListPaths = (
			);
			inputPaths = (
				"${SRCROOT}/Pods/Target Support Files/Pods-Quve/Pods-Quve-frameworks.sh",
				"${BUILT_PRODUCTS_DIR}/Alamofire/Alamofire.framework",
				"${BUILT_PRODUCTS_DIR}/Bolts/Bolts.framework",
				"${BUILT_PRODUCTS_DIR}/FBSDKCoreKit/FBSDKCoreKit.framework",
				"${BUILT_PRODUCTS_DIR}/FBSDKLoginKit/FBSDKLoginKit.framework",
				"${BUILT_PRODUCTS_DIR}/FBSDKShareKit/FBSDKShareKit.framework",
				"${BUILT_PRODUCTS_DIR}/FacebookCore/FacebookCore.framework",
				"${BUILT_PRODUCTS_DIR}/FacebookLogin/FacebookLogin.framework",
				"${BUILT_PRODUCTS_DIR}/FacebookShare/FacebookShare.framework",
				"${BUILT_PRODUCTS_DIR}/GTMSessionFetcher/GTMSessionFetcher.framework",
				"${BUILT_PRODUCTS_DIR}/GoogleToolboxForMac/GoogleToolboxForMac.framework",
				"${PODS_ROOT}/GoogleWebRTC/Frameworks/frameworks/WebRTC.framework",
				"${BUILT_PRODUCTS_DIR}/RxAtomic/RxAtomic.framework",
				"${BUILT_PRODUCTS_DIR}/RxCocoa/RxCocoa.framework",
				"${BUILT_PRODUCTS_DIR}/RxSwift/RxSwift.framework",
				"${BUILT_PRODUCTS_DIR}/Starscream/Starscream.framework",
				"${BUILT_PRODUCTS_DIR}/XLPagerTabStrip/XLPagerTabStrip.framework",
			);
			name = "[CP] Embed Pods Frameworks";
			outputFileListPaths = (
			);
			outputPaths = (
				"${TARGET_BUILD_DIR}/${FRAMEWORKS_FOLDER_PATH}/Alamofire.framework",
				"${TARGET_BUILD_DIR}/${FRAMEWORKS_FOLDER_PATH}/Bolts.framework",
				"${TARGET_BUILD_DIR}/${FRAMEWORKS_FOLDER_PATH}/FBSDKCoreKit.framework",
				"${TARGET_BUILD_DIR}/${FRAMEWORKS_FOLDER_PATH}/FBSDKLoginKit.framework",
				"${TARGET_BUILD_DIR}/${FRAMEWORKS_FOLDER_PATH}/FBSDKShareKit.framework",
				"${TARGET_BUILD_DIR}/${FRAMEWORKS_FOLDER_PATH}/FacebookCore.framework",
				"${TARGET_BUILD_DIR}/${FRAMEWORKS_FOLDER_PATH}/FacebookLogin.framework",
				"${TARGET_BUILD_DIR}/${FRAMEWORKS_FOLDER_PATH}/FacebookShare.framework",
				"${TARGET_BUILD_DIR}/${FRAMEWORKS_FOLDER_PATH}/GTMSessionFetcher.framework",
				"${TARGET_BUILD_DIR}/${FRAMEWORKS_FOLDER_PATH}/GoogleToolboxForMac.framework",
				"${TARGET_BUILD_DIR}/${FRAMEWORKS_FOLDER_PATH}/WebRTC.framework",
				"${TARGET_BUILD_DIR}/${FRAMEWORKS_FOLDER_PATH}/RxAtomic.framework",
				"${TARGET_BUILD_DIR}/${FRAMEWORKS_FOLDER_PATH}/RxCocoa.framework",
				"${TARGET_BUILD_DIR}/${FRAMEWORKS_FOLDER_PATH}/RxSwift.framework",
				"${TARGET_BUILD_DIR}/${FRAMEWORKS_FOLDER_PATH}/Starscream.framework",
				"${TARGET_BUILD_DIR}/${FRAMEWORKS_FOLDER_PATH}/XLPagerTabStrip.framework",
			);
			runOnlyForDeploymentPostprocessing = 0;
			shellPath = /bin/sh;
			shellScript = "\"${SRCROOT}/Pods/Target Support Files/Pods-Quve/Pods-Quve-frameworks.sh\"\n";
			showEnvVarsInLog = 0;
		};
/* End PBXShellScriptBuildPhase section */

/* Begin PBXSourcesBuildPhase section */
		BC3896CB21BB5FF0003328E7 /* Sources */ = {
			isa = PBXSourcesBuildPhase;
			buildActionMask = 2147483647;
			files = (
				BC0CEE7D21EC8A97001FE7D6 /* FacebookModel.swift in Sources */,
				BC3896D521BB5FF0003328E7 /* HomeViewController.swift in Sources */,
				BC3896DB21BB5FF0003328E7 /* Quve.xcdatamodeld in Sources */,
				BCF0613121CCC21E004237EE /* TabBarController.swift in Sources */,
				BC0CEE6A21EB5D7F001FE7D6 /* FacebookAuth.swift in Sources */,
				BC3896D321BB5FF0003328E7 /* AppDelegate.swift in Sources */,
				BC66A5ED21C428D100E1C83B /* SignalClient.swift in Sources */,
				BCB6C97921C4076700BCEDC2 /* WebRTCClient.swift in Sources */,
				BC0CEE8421EE251A001FE7D6 /* QuestionRouter.swift in Sources */,
				BC0CEE7421EC86DD001FE7D6 /* APIConfiguration.swift in Sources */,
				BC0CEE7B21EC8A63001FE7D6 /* RegisterModel.swift in Sources */,
				BC66A5F321C42AC600E1C83B /* RTCSessionDescription+JSON.swift in Sources */,
				BC6EF58C21C7BAEB003456FB /* HomeCollectionListCell.swift in Sources */,
				BC2C2F7421DDF3FB002DF130 /* SignInViewController.swift in Sources */,
				BC85D71921D8C14100562E9E /* AnswerTableListCell.swift in Sources */,
				BC0CEE8621EE54E7001FE7D6 /* Extension+JSON.swift in Sources */,
				BC0CEE8221EE23BA001FE7D6 /* CategoryRouter.swift in Sources */,
				BC85D72021D91BC800562E9E /* HeaderTagTableCell.swift in Sources */,
				BC0CEE6621EB5D62001FE7D6 /* GoogleAuth.swift in Sources */,
				BCF0613321CCC3E8004237EE /* AskQuestionViewController.swift in Sources */,
				BC66A5F221C42AC600E1C83B /* RTCIceCandidate+JSON.swift in Sources */,
				BCF0613921CCC504004237EE /* MyPageViewController.swift in Sources */,
				BCD0FFD321DA477F00A5083C /* FilterViewController.swift in Sources */,
				BC0CEE7121EC7007001FE7D6 /* UserRouter.swift in Sources */,
				BC0CEE7821EC8995001FE7D6 /* LoginModel.swift in Sources */,
				BCD0FFD121D9339C00A5083C /* Extenion+CALayer.swift in Sources */,
				BC0CEE8021EE07B9001FE7D6 /* APIClient.swift in Sources */,
				BC0CEE6F21EC6F61001FE7D6 /* APIService.swift in Sources */,
				BCF0613721CCC4F9004237EE /* NotificationViewController.swift in Sources */,
				BC0CEE8921EF3287001FE7D6 /* QuestionModel.swift in Sources */,
				BC0CEE7621EC8900001FE7D6 /* InfoModel.swift in Sources */,
				BCF0613521CCC4EE004237EE /* AnswerViewController.swift in Sources */,
				BC6EF58F21C7C5D9003456FB /* HomeChildViewController.swift in Sources */,
				BC66A5F421C42AC600E1C83B /* RTCStates.swift in Sources */,
			);
			runOnlyForDeploymentPostprocessing = 0;
		};
		BC3896E221BB5FF3003328E7 /* Sources */ = {
			isa = PBXSourcesBuildPhase;
			buildActionMask = 2147483647;
			files = (
				BC3896EB21BB5FF3003328E7 /* QuveTests.swift in Sources */,
			);
			runOnlyForDeploymentPostprocessing = 0;
		};
		BC3896ED21BB5FF3003328E7 /* Sources */ = {
			isa = PBXSourcesBuildPhase;
			buildActionMask = 2147483647;
			files = (
				BC3896F621BB5FF3003328E7 /* QuveUITests.swift in Sources */,
			);
			runOnlyForDeploymentPostprocessing = 0;
		};
/* End PBXSourcesBuildPhase section */

/* Begin PBXTargetDependency section */
		BC3896E821BB5FF3003328E7 /* PBXTargetDependency */ = {
			isa = PBXTargetDependency;
			target = BC3896CE21BB5FF0003328E7 /* Quve */;
			targetProxy = BC3896E721BB5FF3003328E7 /* PBXContainerItemProxy */;
		};
		BC3896F321BB5FF3003328E7 /* PBXTargetDependency */ = {
			isa = PBXTargetDependency;
			target = BC3896CE21BB5FF0003328E7 /* Quve */;
			targetProxy = BC3896F221BB5FF3003328E7 /* PBXContainerItemProxy */;
		};
/* End PBXTargetDependency section */

/* Begin PBXVariantGroup section */
		BC3896D621BB5FF0003328E7 /* Main.storyboard */ = {
			isa = PBXVariantGroup;
			children = (
				BC3896D721BB5FF0003328E7 /* Base */,
			);
			name = Main.storyboard;
			sourceTree = "<group>";
		};
		BC3896DE21BB5FF3003328E7 /* LaunchScreen.storyboard */ = {
			isa = PBXVariantGroup;
			children = (
				BC3896DF21BB5FF3003328E7 /* Base */,
			);
			name = LaunchScreen.storyboard;
			sourceTree = "<group>";
		};
		BCF0614221CCC5F1004237EE /* Answer.storyboard */ = {
			isa = PBXVariantGroup;
			children = (
				BCF0614321CCC5F1004237EE /* Base */,
			);
			name = Answer.storyboard;
			sourceTree = "<group>";
		};
		BCF0614521CCC61E004237EE /* Notification.storyboard */ = {
			isa = PBXVariantGroup;
			children = (
				BCF0614621CCC61E004237EE /* Base */,
			);
			name = Notification.storyboard;
			sourceTree = "<group>";
		};
		BCF0614821CCC68B004237EE /* MyPage.storyboard */ = {
			isa = PBXVariantGroup;
			children = (
				BCF0614921CCC68B004237EE /* Base */,
			);
			name = MyPage.storyboard;
			sourceTree = "<group>";
		};
/* End PBXVariantGroup section */

/* Begin XCBuildConfiguration section */
		BC3896F821BB5FF3003328E7 /* Debug */ = {
			isa = XCBuildConfiguration;
			buildSettings = {
				ALWAYS_SEARCH_USER_PATHS = NO;
				CLANG_ANALYZER_NONNULL = YES;
				CLANG_ANALYZER_NUMBER_OBJECT_CONVERSION = YES_AGGRESSIVE;
				CLANG_CXX_LANGUAGE_STANDARD = "gnu++14";
				CLANG_CXX_LIBRARY = "libc++";
				CLANG_ENABLE_MODULES = YES;
				CLANG_ENABLE_OBJC_ARC = YES;
				CLANG_ENABLE_OBJC_WEAK = YES;
				CLANG_WARN_BLOCK_CAPTURE_AUTORELEASING = YES;
				CLANG_WARN_BOOL_CONVERSION = YES;
				CLANG_WARN_COMMA = YES;
				CLANG_WARN_CONSTANT_CONVERSION = YES;
				CLANG_WARN_DEPRECATED_OBJC_IMPLEMENTATIONS = YES;
				CLANG_WARN_DIRECT_OBJC_ISA_USAGE = YES_ERROR;
				CLANG_WARN_DOCUMENTATION_COMMENTS = YES;
				CLANG_WARN_EMPTY_BODY = YES;
				CLANG_WARN_ENUM_CONVERSION = YES;
				CLANG_WARN_INFINITE_RECURSION = YES;
				CLANG_WARN_INT_CONVERSION = YES;
				CLANG_WARN_NON_LITERAL_NULL_CONVERSION = YES;
				CLANG_WARN_OBJC_IMPLICIT_RETAIN_SELF = YES;
				CLANG_WARN_OBJC_LITERAL_CONVERSION = YES;
				CLANG_WARN_OBJC_ROOT_CLASS = YES_ERROR;
				CLANG_WARN_RANGE_LOOP_ANALYSIS = YES;
				CLANG_WARN_STRICT_PROTOTYPES = YES;
				CLANG_WARN_SUSPICIOUS_MOVE = YES;
				CLANG_WARN_UNGUARDED_AVAILABILITY = YES_AGGRESSIVE;
				CLANG_WARN_UNREACHABLE_CODE = YES;
				CLANG_WARN__DUPLICATE_METHOD_MATCH = YES;
				CODE_SIGN_IDENTITY = "iPhone Developer";
				COPY_PHASE_STRIP = NO;
				DEBUG_INFORMATION_FORMAT = dwarf;
				ENABLE_STRICT_OBJC_MSGSEND = YES;
				ENABLE_TESTABILITY = YES;
				GCC_C_LANGUAGE_STANDARD = gnu11;
				GCC_DYNAMIC_NO_PIC = NO;
				GCC_NO_COMMON_BLOCKS = YES;
				GCC_OPTIMIZATION_LEVEL = 0;
				GCC_PREPROCESSOR_DEFINITIONS = (
					"DEBUG=1",
					"$(inherited)",
				);
				GCC_WARN_64_TO_32_BIT_CONVERSION = YES;
				GCC_WARN_ABOUT_RETURN_TYPE = YES_ERROR;
				GCC_WARN_UNDECLARED_SELECTOR = YES;
				GCC_WARN_UNINITIALIZED_AUTOS = YES_AGGRESSIVE;
				GCC_WARN_UNUSED_FUNCTION = YES;
				GCC_WARN_UNUSED_VARIABLE = YES;
				IPHONEOS_DEPLOYMENT_TARGET = 12.0;
				MTL_ENABLE_DEBUG_INFO = INCLUDE_SOURCE;
				MTL_FAST_MATH = YES;
				ONLY_ACTIVE_ARCH = YES;
				SDKROOT = iphoneos;
				SWIFT_ACTIVE_COMPILATION_CONDITIONS = DEBUG;
				SWIFT_OPTIMIZATION_LEVEL = "-Onone";
			};
			name = Debug;
		};
		BC3896F921BB5FF3003328E7 /* Release */ = {
			isa = XCBuildConfiguration;
			buildSettings = {
				ALWAYS_SEARCH_USER_PATHS = NO;
				CLANG_ANALYZER_NONNULL = YES;
				CLANG_ANALYZER_NUMBER_OBJECT_CONVERSION = YES_AGGRESSIVE;
				CLANG_CXX_LANGUAGE_STANDARD = "gnu++14";
				CLANG_CXX_LIBRARY = "libc++";
				CLANG_ENABLE_MODULES = YES;
				CLANG_ENABLE_OBJC_ARC = YES;
				CLANG_ENABLE_OBJC_WEAK = YES;
				CLANG_WARN_BLOCK_CAPTURE_AUTORELEASING = YES;
				CLANG_WARN_BOOL_CONVERSION = YES;
				CLANG_WARN_COMMA = YES;
				CLANG_WARN_CONSTANT_CONVERSION = YES;
				CLANG_WARN_DEPRECATED_OBJC_IMPLEMENTATIONS = YES;
				CLANG_WARN_DIRECT_OBJC_ISA_USAGE = YES_ERROR;
				CLANG_WARN_DOCUMENTATION_COMMENTS = YES;
				CLANG_WARN_EMPTY_BODY = YES;
				CLANG_WARN_ENUM_CONVERSION = YES;
				CLANG_WARN_INFINITE_RECURSION = YES;
				CLANG_WARN_INT_CONVERSION = YES;
				CLANG_WARN_NON_LITERAL_NULL_CONVERSION = YES;
				CLANG_WARN_OBJC_IMPLICIT_RETAIN_SELF = YES;
				CLANG_WARN_OBJC_LITERAL_CONVERSION = YES;
				CLANG_WARN_OBJC_ROOT_CLASS = YES_ERROR;
				CLANG_WARN_RANGE_LOOP_ANALYSIS = YES;
				CLANG_WARN_STRICT_PROTOTYPES = YES;
				CLANG_WARN_SUSPICIOUS_MOVE = YES;
				CLANG_WARN_UNGUARDED_AVAILABILITY = YES_AGGRESSIVE;
				CLANG_WARN_UNREACHABLE_CODE = YES;
				CLANG_WARN__DUPLICATE_METHOD_MATCH = YES;
				CODE_SIGN_IDENTITY = "iPhone Developer";
				COPY_PHASE_STRIP = NO;
				DEBUG_INFORMATION_FORMAT = "dwarf-with-dsym";
				ENABLE_NS_ASSERTIONS = NO;
				ENABLE_STRICT_OBJC_MSGSEND = YES;
				GCC_C_LANGUAGE_STANDARD = gnu11;
				GCC_NO_COMMON_BLOCKS = YES;
				GCC_WARN_64_TO_32_BIT_CONVERSION = YES;
				GCC_WARN_ABOUT_RETURN_TYPE = YES_ERROR;
				GCC_WARN_UNDECLARED_SELECTOR = YES;
				GCC_WARN_UNINITIALIZED_AUTOS = YES_AGGRESSIVE;
				GCC_WARN_UNUSED_FUNCTION = YES;
				GCC_WARN_UNUSED_VARIABLE = YES;
				IPHONEOS_DEPLOYMENT_TARGET = 12.0;
				MTL_ENABLE_DEBUG_INFO = NO;
				MTL_FAST_MATH = YES;
				SDKROOT = iphoneos;
				SWIFT_COMPILATION_MODE = wholemodule;
				SWIFT_OPTIMIZATION_LEVEL = "-O";
				VALIDATE_PRODUCT = YES;
			};
			name = Release;
		};
		BC3896FB21BB5FF3003328E7 /* Debug */ = {
			isa = XCBuildConfiguration;
			baseConfigurationReference = B979730501BFEE3045B7CABE /* Pods-Quve.debug.xcconfig */;
			buildSettings = {
				ASSETCATALOG_COMPILER_APPICON_NAME = AppIcon;
				CLANG_ENABLE_MODULES = YES;
				CODE_SIGN_STYLE = Automatic;
				DEVELOPMENT_TEAM = 86PPC52X64;
				ENABLE_BITCODE = NO;
				INFOPLIST_FILE = Quve/Info.plist;
				LD_RUNPATH_SEARCH_PATHS = (
					"$(inherited)",
					"@executable_path/Frameworks",
				);
				PRODUCT_BUNDLE_IDENTIFIER = com.SungJoonPark.Quve;
				PRODUCT_NAME = "$(TARGET_NAME)";
				SWIFT_OBJC_BRIDGING_HEADER = "Quve/Quve-Bridging-Header.h";
				SWIFT_OPTIMIZATION_LEVEL = "-Onone";
				SWIFT_VERSION = 4.2;
				TARGETED_DEVICE_FAMILY = 1;
			};
			name = Debug;
		};
		BC3896FC21BB5FF3003328E7 /* Release */ = {
			isa = XCBuildConfiguration;
			baseConfigurationReference = B9EBAAB51E772530D88416A9 /* Pods-Quve.release.xcconfig */;
			buildSettings = {
				ASSETCATALOG_COMPILER_APPICON_NAME = AppIcon;
				CLANG_ENABLE_MODULES = YES;
				CODE_SIGN_STYLE = Automatic;
				DEVELOPMENT_TEAM = 86PPC52X64;
				ENABLE_BITCODE = NO;
				INFOPLIST_FILE = Quve/Info.plist;
				LD_RUNPATH_SEARCH_PATHS = (
					"$(inherited)",
					"@executable_path/Frameworks",
				);
				PRODUCT_BUNDLE_IDENTIFIER = com.SungJoonPark.Quve;
				PRODUCT_NAME = "$(TARGET_NAME)";
				SWIFT_OBJC_BRIDGING_HEADER = "Quve/Quve-Bridging-Header.h";
				SWIFT_VERSION = 4.2;
				TARGETED_DEVICE_FAMILY = 1;
			};
			name = Release;
		};
		BC3896FE21BB5FF3003328E7 /* Debug */ = {
			isa = XCBuildConfiguration;
			baseConfigurationReference = 20CB72FA58F7DB0F4718E830 /* Pods-QuveTests.debug.xcconfig */;
			buildSettings = {
				ALWAYS_EMBED_SWIFT_STANDARD_LIBRARIES = YES;
				BUNDLE_LOADER = "$(TEST_HOST)";
				CODE_SIGN_STYLE = Automatic;
				DEVELOPMENT_TEAM = 86PPC52X64;
				INFOPLIST_FILE = QuveTests/Info.plist;
				LD_RUNPATH_SEARCH_PATHS = (
					"$(inherited)",
					"@executable_path/Frameworks",
					"@loader_path/Frameworks",
				);
				PRODUCT_BUNDLE_IDENTIFIER = com.SungJoonPark.QuveTests;
				PRODUCT_NAME = "$(TARGET_NAME)";
				SWIFT_VERSION = 4.2;
				TARGETED_DEVICE_FAMILY = "1,2";
				TEST_HOST = "$(BUILT_PRODUCTS_DIR)/Quve.app/Quve";
			};
			name = Debug;
		};
		BC3896FF21BB5FF3003328E7 /* Release */ = {
			isa = XCBuildConfiguration;
			baseConfigurationReference = E435FD19DAF05466CCFE99B9 /* Pods-QuveTests.release.xcconfig */;
			buildSettings = {
				ALWAYS_EMBED_SWIFT_STANDARD_LIBRARIES = YES;
				BUNDLE_LOADER = "$(TEST_HOST)";
				CODE_SIGN_STYLE = Automatic;
				DEVELOPMENT_TEAM = 86PPC52X64;
				INFOPLIST_FILE = QuveTests/Info.plist;
				LD_RUNPATH_SEARCH_PATHS = (
					"$(inherited)",
					"@executable_path/Frameworks",
					"@loader_path/Frameworks",
				);
				PRODUCT_BUNDLE_IDENTIFIER = com.SungJoonPark.QuveTests;
				PRODUCT_NAME = "$(TARGET_NAME)";
				SWIFT_VERSION = 4.2;
				TARGETED_DEVICE_FAMILY = "1,2";
				TEST_HOST = "$(BUILT_PRODUCTS_DIR)/Quve.app/Quve";
			};
			name = Release;
		};
		BC38970121BB5FF3003328E7 /* Debug */ = {
			isa = XCBuildConfiguration;
			baseConfigurationReference = 76CABE4D3B7399A2CBC58B65 /* Pods-QuveUITests.debug.xcconfig */;
			buildSettings = {
				ALWAYS_EMBED_SWIFT_STANDARD_LIBRARIES = YES;
				CODE_SIGN_STYLE = Automatic;
				DEVELOPMENT_TEAM = 86PPC52X64;
				INFOPLIST_FILE = QuveUITests/Info.plist;
				LD_RUNPATH_SEARCH_PATHS = (
					"$(inherited)",
					"@executable_path/Frameworks",
					"@loader_path/Frameworks",
				);
				PRODUCT_BUNDLE_IDENTIFIER = com.SungJoonPark.QuveUITests;
				PRODUCT_NAME = "$(TARGET_NAME)";
				SWIFT_VERSION = 4.2;
				TARGETED_DEVICE_FAMILY = "1,2";
				TEST_TARGET_NAME = Quve;
			};
			name = Debug;
		};
		BC38970221BB5FF3003328E7 /* Release */ = {
			isa = XCBuildConfiguration;
			baseConfigurationReference = C5481CD9CD6EFA5C4B32869E /* Pods-QuveUITests.release.xcconfig */;
			buildSettings = {
				ALWAYS_EMBED_SWIFT_STANDARD_LIBRARIES = YES;
				CODE_SIGN_STYLE = Automatic;
				DEVELOPMENT_TEAM = 86PPC52X64;
				INFOPLIST_FILE = QuveUITests/Info.plist;
				LD_RUNPATH_SEARCH_PATHS = (
					"$(inherited)",
					"@executable_path/Frameworks",
					"@loader_path/Frameworks",
				);
				PRODUCT_BUNDLE_IDENTIFIER = com.SungJoonPark.QuveUITests;
				PRODUCT_NAME = "$(TARGET_NAME)";
				SWIFT_VERSION = 4.2;
				TARGETED_DEVICE_FAMILY = "1,2";
				TEST_TARGET_NAME = Quve;
			};
			name = Release;
		};
/* End XCBuildConfiguration section */

/* Begin XCConfigurationList section */
		BC3896CA21BB5FF0003328E7 /* Build configuration list for PBXProject "Quve" */ = {
			isa = XCConfigurationList;
			buildConfigurations = (
				BC3896F821BB5FF3003328E7 /* Debug */,
				BC3896F921BB5FF3003328E7 /* Release */,
			);
			defaultConfigurationIsVisible = 0;
			defaultConfigurationName = Release;
		};
		BC3896FA21BB5FF3003328E7 /* Build configuration list for PBXNativeTarget "Quve" */ = {
			isa = XCConfigurationList;
			buildConfigurations = (
				BC3896FB21BB5FF3003328E7 /* Debug */,
				BC3896FC21BB5FF3003328E7 /* Release */,
			);
			defaultConfigurationIsVisible = 0;
			defaultConfigurationName = Release;
		};
		BC3896FD21BB5FF3003328E7 /* Build configuration list for PBXNativeTarget "QuveTests" */ = {
			isa = XCConfigurationList;
			buildConfigurations = (
				BC3896FE21BB5FF3003328E7 /* Debug */,
				BC3896FF21BB5FF3003328E7 /* Release */,
			);
			defaultConfigurationIsVisible = 0;
			defaultConfigurationName = Release;
		};
		BC38970021BB5FF3003328E7 /* Build configuration list for PBXNativeTarget "QuveUITests" */ = {
			isa = XCConfigurationList;
			buildConfigurations = (
				BC38970121BB5FF3003328E7 /* Debug */,
				BC38970221BB5FF3003328E7 /* Release */,
			);
			defaultConfigurationIsVisible = 0;
			defaultConfigurationName = Release;
		};
/* End XCConfigurationList section */

/* Begin XCVersionGroup section */
		BC3896D921BB5FF0003328E7 /* Quve.xcdatamodeld */ = {
			isa = XCVersionGroup;
			children = (
				BC3896DA21BB5FF0003328E7 /* Quve.xcdatamodel */,
			);
			currentVersion = BC3896DA21BB5FF0003328E7 /* Quve.xcdatamodel */;
			path = Quve.xcdatamodeld;
			sourceTree = "<group>";
			versionGroupType = wrapper.xcdatamodel;
		};
/* End XCVersionGroup section */
	};
	rootObject = BC3896C721BB5FF0003328E7 /* Project object */;
}
